{
	"name": "shvl",
	"version": "3.0.3",
	"lockfileVersion": 3,
	"requires": true,
	"packages": {
		"": {
			"name": "shvl",
			"version": "3.0.3",
			"license": "MIT",
			"devDependencies": {
				"@size-limit/file": "^13.0.3",
				"size-limit": "^13.0.3",
				"tsdown": "^0.22.12"
			}
		},
		"node_modules/@oxc-project/types": {
			"version": "0.142.0",
			"resolved": "https://registry.npmjs.org/@oxc-project/types/-/types-0.142.0.tgz",
			"integrity": "sha512-7W+2q5AKQVU36fkaryontrHn3YDt1RyUYXatw9i5H8ocYe2sPKSFB6eS8WNPeRKiN1qAWWZUPm7gwFzJGrccqQ==",
			"dev": true,
			"license": "MIT",
			"funding": {
				"url": "https://github.com/sponsors/Boshen"
			}
		},
		"node_modules/@quansync/fs": {
			"version": "1.0.0",
			"resolved": "https://registry.npmjs.org/@quansync/fs/-/fs-1.0.0.tgz",
			"integrity": "sha512-4TJ3DFtlf1L5LDMaM6CanJ/0lckGNtJcMjQ1NAV6zDmA0tEHKZtxNKin8EgPaVX1YzljbxckyT2tJrpQKAtngQ==",
			"dev": true,
			"license": "MIT",
			"dependencies": {
				"quansync": "^1.0.0"
			},
			"funding": {
				"url": "https://github.com/sponsors/sxzz"
			}
		},
		"node_modules/@rolldown/binding-android-arm64": {
			"version": "1.2.2",
			"resolved": "https://registry.npmjs.org/@rolldown/binding-android-arm64/-/binding-android-arm64-1.2.2.tgz",
			"integrity": "sha512-l7x215OGvo1s52JWmR8U/DAVzEDWBCIbTm28aeJV/WDTSHgcKXaZTuBT0hJMs5NggilfJTW3clZVvd24yfKJxA==",
			"cpu": [
				"arm64"
			],
			"dev": true,
			"license": "MIT",
			"optional": true,
			"os": [
				"android"
			],
			"engines": {
				"node": "^20.19.0 || >=22.12.0"
			}
		},
		"node_modules/@rolldown/binding-darwin-arm64": {
			"version": "1.2.2",
			"resolved": "https://registry.npmjs.org/@rolldown/binding-darwin-arm64/-/binding-darwin-arm64-1.2.2.tgz",
			"integrity": "sha512-9u9Xv6c1AJZT0FfwH5vrMG5Jjcwhc1MlyrPu0XfTqkzsmqfks2M6W/o5XwAJgVVN/jHpqqngC1WevHKKTIUtIA==",
			"cpu": [
				"arm64"
			],
			"dev": true,
			"license": "MIT",
			"optional": true,
			"os": [
				"darwin"
			],
			"engines": {
				"node": "^20.19.0 || >=22.12.0"
			}
		},
		"node_modules/@rolldown/binding-darwin-x64": {
			"version": "1.2.2",
			"resolved": "https://registry.npmjs.org/@rolldown/binding-darwin-x64/-/binding-darwin-x64-1.2.2.tgz",
			"integrity": "sha512-9W1mbGZAfW3oqd85bhBkmpyHCCzL1TeG/zFFP3vg7b0rlly8cxOcre5nXwz+LHazCwac2MNWgPdPCHndABjpWQ==",
			"cpu": [
				"x64"
			],
			"dev": true,
			"license": "MIT",
			"optional": true,
			"os": [
				"darwin"
			],
			"engines": {
				"node": "^20.19.0 || >=22.12.0"
			}
		},
		"node_modules/@rolldown/binding-freebsd-x64": {
			"version": "1.2.2",
			"resolved": "https://registry.npmjs.org/@rolldown/binding-freebsd-x64/-/binding-freebsd-x64-1.2.2.tgz",
			"integrity": "sha512-0p1lhiCSCyaerFwtrdZQUx7NqGk6LQnaRKWX7tFQqwQgvX0rjM15cIkm3pax1UpEakK14C4mOxx/jSqCBdBRqQ==",
			"cpu": [
				"x64"
			],
			"dev": true,
			"license": "MIT",
			"optional": true,
			"os": [
				"freebsd"
			],
			"engines": {
				"node": "^20.19.0 || >=22.12.0"
			}
		},
		"node_modules/@rolldown/binding-linux-arm-gnueabihf": {
			"version": "1.2.2",
			"resolved": "https://registry.npmjs.org/@rolldown/binding-linux-arm-gnueabihf/-/binding-linux-arm-gnueabihf-1.2.2.tgz",
			"integrity": "sha512-e+cOJXrJ2L3zx6YzqPg+f6Wbk3V1cKB8bOhbaYdVYN3DdquzNdRAmrbETz1qnt5yp/c7JNlNjmITiA2cVneQ7w==",
			"cpu": [
				"arm"
			],
			"dev": true,
			"license": "MIT",
			"optional": true,
			"os": [
				"linux"
			],
			"engines": {
				"node": "^20.19.0 || >=22.12.0"
			}
		},
		"node_modules/@rolldown/binding-linux-arm64-gnu": {
			"version": "1.2.2",
			"resolved": "https://registry.npmjs.org/@rolldown/binding-linux-arm64-gnu/-/binding-linux-arm64-gnu-1.2.2.tgz",
			"integrity": "sha512-JsSMsj6sNat/MuhG5fnBD7QgbtpHKVe30x5/bAVirDHdhoQRXJkF6xc0Jqk8O4fiCUQAzMOoH9wZi3m60c8wtg==",
			"cpu": [
				"arm64"
			],
			"dev": true,
			"libc": [
				"glibc"
			],
			"license": "MIT",
			"optional": true,
			"os": [
				"linux"
			],
			"engines": {
				"node": "^20.19.0 || >=22.12.0"
			}
		},
		"node_modules/@rolldown/binding-linux-arm64-musl": {
			"version": "1.2.2",
			"resolved": "https://registry.npmjs.org/@rolldown/binding-linux-arm64-musl/-/binding-linux-arm64-musl-1.2.2.tgz",
			"integrity": "sha512-B5G/zJdHaoJn9vD50eGHWkiWfmq8Uhi3IiLPJTzmZTrAalk1bztUikSXo0qga18ibE0IXboyeMUnhPjhAJ45wQ==",
			"cpu": [
				"arm64"
			],
			"dev": true,
			"libc": [
				"musl"
			],
			"license": "MIT",
			"optional": true,
			"os": [
				"linux"
			],
			"engines": {
				"node": "^20.19.0 || >=22.12.0"
			}
		},
		"node_modules/@rolldown/binding-linux-ppc64-gnu": {
			"version": "1.2.2",
			"resolved": "https://registry.npmjs.org/@rolldown/binding-linux-ppc64-gnu/-/binding-linux-ppc64-gnu-1.2.2.tgz",
			"integrity": "sha512-6mC/awzKka8W6EoekjegpfGkjz8jXWDX63pqu/HYVpyKtZfu65Jsh4QAH3Kej3CAv/c1oGX7psTmFEbr0mDxLA==",
			"cpu": [
				"ppc64"
			],
			"dev": true,
			"libc": [
				"glibc"
			],
			"license": "MIT",
			"optional": true,
			"os": [
				"linux"
			],
			"engines": {
				"node": "^20.19.0 || >=22.12.0"
			}
		},
		"node_modules/@rolldown/binding-linux-s390x-gnu": {
			"version": "1.2.2",
			"resolved": "https://registry.npmjs.org/@rolldown/binding-linux-s390x-gnu/-/binding-linux-s390x-gnu-1.2.2.tgz",
			"integrity": "sha512-412MX9fJLdA1IK28EZnc8jYv2HRTleOZgfLQumJ5zy7OeJLZlg/CETwFaXjNmGVxG51cFHpKLqb5LKvBC+HsHA==",
			"cpu": [
				"s390x"
			],
			"dev": true,
			"libc": [
				"glibc"
			],
			"license": "MIT",
			"optional": true,
			"os": [
				"linux"
			],
			"engines": {
				"node": "^20.19.0 || >=22.12.0"
			}
		},
		"node_modules/@rolldown/binding-linux-x64-gnu": {
			"version": "1.2.2",
			"resolved": "https://registry.npmjs.org/@rolldown/binding-linux-x64-gnu/-/binding-linux-x64-gnu-1.2.2.tgz",
			"integrity": "sha512-Q/+HI/ToJafZ1iCqGgVQXUEkIjufHCTF0gBQ2a5o3cg7GJ2h0qyq3nvvSmU+bGda2/7ygXpTY4TM6gO9OhQ0ZA==",
			"cpu": [
				"x64"
			],
			"dev": true,
			"libc": [
				"glibc"
			],
			"license": "MIT",
			"optional": true,
			"os": [
				"linux"
			],
			"engines": {
				"node": "^20.19.0 || >=22.12.0"
			}
		},
		"node_modules/@rolldown/binding-linux-x64-musl": {
			"version": "1.2.2",
			"resolved": "https://registry.npmjs.org/@rolldown/binding-linux-x64-musl/-/binding-linux-x64-musl-1.2.2.tgz",
			"integrity": "sha512-ZKp/w41n6wCvxzxQHtQSbuphfX3Y4cCvbjkKHusrLx4lh+JWLTU7StSltO/DKARISzbj368d+qUaCjI8K2wzXw==",
			"cpu": [
				"x64"
			],
			"dev": true,
			"libc": [
				"musl"
			],
			"license": "MIT",
			"optional": true,
			"os": [
				"linux"
			],
			"engines": {
				"node": "^20.19.0 || >=22.12.0"
			}
		},
		"node_modules/@rolldown/binding-openharmony-arm64": {
			"version": "1.2.2",
			"resolved": "https://registry.npmjs.org/@rolldown/binding-openharmony-arm64/-/binding-openharmony-arm64-1.2.2.tgz",
			"integrity": "sha512-pxE6xD4KS3eAROkKK5yrhB9/3+vhlhVGMvlQLbdpzrBGDbKrnzx3RLwPaHvasLo6jgaiBLn7e04Df9C4tYhjmA==",
			"cpu": [
				"arm64"
			],
			"dev": true,
			"license": "MIT",
			"optional": true,
			"os": [
				"openharmony"
			],
			"engines": {
				"node": "^20.19.0 || >=22.12.0"
			}
		},
		"node_modules/@rolldown/binding-win32-arm64-msvc": {
			"version": "1.2.2",
			"resolved": "https://registry.npmjs.org/@rolldown/binding-win32-arm64-msvc/-/binding-win32-arm64-msvc-1.2.2.tgz",
			"integrity": "sha512-4MqEue5re+xIZzAWsB8sj0P1kqZySWqIuN4t6QaIO/YA6SFwySOLruvWQFzfmqk8LBK2P30KCSJwf6mJCZZ5/A==",
			"cpu": [
				"arm64"
			],
			"dev": true,
			"license": "MIT",
			"optional": true,
			"os": [
				"win32"
			],
			"engines": {
				"node": "^20.19.0 || >=22.12.0"
			}
		},
		"node_modules/@rolldown/binding-win32-x64-msvc": {
			"version": "1.2.2",
			"resolved": "https://registry.npmjs.org/@rolldown/binding-win32-x64-msvc/-/binding-win32-x64-msvc-1.2.2.tgz",
			"integrity": "sha512-NweNxxD0Nf9t8v7kodun45Ijp3EIwYY+uydPP6qBEYvfBqhIjN6dZMzlQja3tqX/aLs3F3Uz+AxDpKgRhpOZQg==",
			"cpu": [
				"x64"
			],
			"dev": true,
			"license": "MIT",
			"optional": true,
			"os": [
				"win32"
			],
			"engines": {
				"node": "^20.19.0 || >=22.12.0"
			}
		},
		"node_modules/@rolldown/pluginutils": {
			"version": "1.0.1",
			"resolved": "https://registry.npmjs.org/@rolldown/pluginutils/-/pluginutils-1.0.1.tgz",
			"integrity": "sha512-2j9bGt5Jh8hj+vPtgzPtl72j0yRxHAyumoo6TNfAjsLB04UtpSvPbPcDcBMxz7n+9CYB0c1GxQFxYRg2jimqGw==",
			"dev": true,
			"license": "MIT"
		},
		"node_modules/@size-limit/file": {
			"version": "13.0.3",
			"resolved": "https://registry.npmjs.org/@size-limit/file/-/file-13.0.3.tgz",
			"integrity": "sha512-PWTITIXH5p9aGIf6qq2Fruihn/b9nBQyfkyoAyb6DzFJgS1Ek9MSPJYKxKFLO8jdo0aqSgBPd3sevbS6PyBiJw==",
			"dev": true,
			"license": "MIT",
			"engines": {
				"node": "^20.0.0 || ^22.0.0 || >=24.0.0"
			},
			"peerDependencies": {
				"size-limit": "13.0.3"
			}
		},
		"node_modules/@yuku-codegen/binding-android-arm64": {
			"version": "0.8.3",
			"resolved": "https://registry.npmjs.org/@yuku-codegen/binding-android-arm64/-/binding-android-arm64-0.8.3.tgz",
			"integrity": "sha512-/EKnnqwvN7xYoVDhQEIEJTdPDwGW1wkFz/2Eku3ES/IJd4lcQh/OaIDFBmoJKvpe12enrb1TIoYh1fxasGXolA==",
			"cpu": [
				"arm64"
			],
			"dev": true,
			"license": "MIT",
			"optional": true,
			"os": [
				"android"
			]
		},
		"node_modules/@yuku-codegen/binding-darwin-arm64": {
			"version": "0.8.3",
			"resolved": "https://registry.npmjs.org/@yuku-codegen/binding-darwin-arm64/-/binding-darwin-arm64-0.8.3.tgz",
			"integrity": "sha512-DFAOliF5YIPv3ayNHGOJhIun6Af4kMaL/YXxf8ZtD1qrOIMFnX/AQBhwfvLalhwmmxuGA8AUteaKRHBvdKZFVA==",
			"cpu": [
				"arm64"
			],
			"dev": true,
			"license": "MIT",
			"optional": true,
			"os": [
				"darwin"
			]
		},
		"node_modules/@yuku-codegen/binding-darwin-x64": {
			"version": "0.8.3",
			"resolved": "https://registry.npmjs.org/@yuku-codegen/binding-darwin-x64/-/binding-darwin-x64-0.8.3.tgz",
			"integrity": "sha512-WlMh4/oEibaTzE9j5Zq8qnsrH4Ii4kWdcDv/Pj2Rb/MYSrKghtg+bxbWpPe/6zJD21p9zZBApQUxl8ECpZOJuQ==",
			"cpu": [
				"x64"
			],
			"dev": true,
			"license": "MIT",
			"optional": true,
			"os": [
				"darwin"
			]
		},
		"node_modules/@yuku-codegen/binding-freebsd-x64": {
			"version": "0.8.3",
			"resolved": "https://registry.npmjs.org/@yuku-codegen/binding-freebsd-x64/-/binding-freebsd-x64-0.8.3.tgz",
			"integrity": "sha512-hoDOpPP0FTxPSD+6w0Gs4p8iL1yXe6jjIXcdzNxyT1KE6B3JI6O0gTIWQISJ+8QyNpNjIwBb7nHCdRavktJM6A==",
			"cpu": [
				"x64"
			],
			"dev": true,
			"license": "MIT",
			"optional": true,
			"os": [
				"freebsd"
			]
		},
		"node_modules/@yuku-codegen/binding-linux-arm-gnu": {
			"version": "0.8.3",
			"resolved": "https://registry.npmjs.org/@yuku-codegen/binding-linux-arm-gnu/-/binding-linux-arm-gnu-0.8.3.tgz",
			"integrity": "sha512-nNW0GGMJyF04pK4A7Kq7WAYtUWU9uI5ugDAoXl9yHpd3IIZ8UI+zFlM01e+ZGWnQcdxYYLumeRe/EjzZT9bVfQ==",
			"cpu": [
				"arm"
			],
			"dev": true,
			"libc": [
				"glibc"
			],
			"license": "MIT",
			"optional": true,
			"os": [
				"linux"
			]
		},
		"node_modules/@yuku-codegen/binding-linux-arm-musl": {
			"version": "0.8.3",
			"resolved": "https://registry.npmjs.org/@yuku-codegen/binding-linux-arm-musl/-/binding-linux-arm-musl-0.8.3.tgz",
			"integrity": "sha512-/jpxKhO8AV5TmXgT3R2Gv3YctKRUhyDzd5bQw8TiJ3O4z7qerHzoW2kE40fPAO3L434/IZtZbdhr8HuOqiwECA==",
			"cpu": [
				"arm"
			],
			"dev": true,
			"libc": [
				"musl"
			],
			"license": "MIT",
			"optional": true,
			"os": [
				"linux"
			]
		},
		"node_modules/@yuku-codegen/binding-linux-arm64-gnu": {
			"version": "0.8.3",
			"resolved": "https://registry.npmjs.org/@yuku-codegen/binding-linux-arm64-gnu/-/binding-linux-arm64-gnu-0.8.3.tgz",
			"integrity": "sha512-CYhLJfnCknabfLvUjsanxC5s3BBtZHUwfzdDL7GcqShIRQh2qqgG7pPfFrFJ6Jp56kkjKXkfluFGn9nnIv0nZg==",
			"cpu": [
				"arm64"
			],
			"dev": true,
			"libc": [
				"glibc"
			],
			"license": "MIT",
			"optional": true,
			"os": [
				"linux"
			]
		},
		"node_modules/@yuku-codegen/binding-linux-arm64-musl": {
			"version": "0.8.3",
			"resolved": "https://registry.npmjs.org/@yuku-codegen/binding-linux-arm64-musl/-/binding-linux-arm64-musl-0.8.3.tgz",
			"integrity": "sha512-c6gEdnI0MgA7/rVw6CACMciSbAcxVwLyD/jSBbMLWUeqqbysCNGrGPAHdpSaadpz3W1bd+OdXt9XWjfm66708w==",
			"cpu": [
				"arm64"
			],
			"dev": true,
			"libc": [
				"musl"
			],
			"license": "MIT",
			"optional": true,
			"os": [
				"linux"
			]
		},
		"node_modules/@yuku-codegen/binding-linux-x64-gnu": {
			"version": "0.8.3",
			"resolved": "https://registry.npmjs.org/@yuku-codegen/binding-linux-x64-gnu/-/binding-linux-x64-gnu-0.8.3.tgz",
			"integrity": "sha512-CRVZ9Rw5lIah/PpWeShWv7XiUCMY15N6rZRA2sEZrQvc5Az7Dv9/wsDMa6oBMkfQLXuDkFo4G1QOYyWbebjejg==",
			"cpu": [
				"x64"
			],
			"dev": true,
			"libc": [
				"glibc"
			],
			"license": "MIT",
			"optional": true,
			"os": [
				"linux"
			]
		},
		"node_modules/@yuku-codegen/binding-linux-x64-musl": {
			"version": "0.8.3",
			"resolved": "https://registry.npmjs.org/@yuku-codegen/binding-linux-x64-musl/-/binding-linux-x64-musl-0.8.3.tgz",
			"integrity": "sha512-G12Nhecjmv7OlbCX6Y4HU4wYYePd111kTE+yTjbitnt+P3m8bNegtYG4ZGo4scGTq8cKsLF4xcda1XNzCUA6nQ==",
			"cpu": [
				"x64"
			],
			"dev": true,
			"libc": [
				"musl"
			],
			"license": "MIT",
			"optional": true,
			"os": [
				"linux"
			]
		},
		"node_modules/@yuku-codegen/binding-win32-arm64": {
			"version": "0.8.3",
			"resolved": "https://registry.npmjs.org/@yuku-codegen/binding-win32-arm64/-/binding-win32-arm64-0.8.3.tgz",
			"integrity": "sha512-i8bpXWaMlik9DvFl+89emEx3RZFtSd21Vlt0UrnPvUC7h8NGElP2SwQcdcG+pPmihFIYJAoIuJLw7YdQcFcDkA==",
			"cpu": [
				"arm64"
			],
			"dev": true,
			"license": "MIT",
			"optional": true,
			"os": [
				"win32"
			]
		},
		"node_modules/@yuku-codegen/binding-win32-x64": {
			"version": "0.8.3",
			"resolved": "https://registry.npmjs.org/@yuku-codegen/binding-win32-x64/-/binding-win32-x64-0.8.3.tgz",
			"integrity": "sha512-vlYymeTSsx+qxZoNvdl6KehgYDaQC4Sk/9KUnM3V2mriyCwSdhW7lqdpQGl+RLGsDTxyuRGjzGIjgRWk3lohmA==",
			"cpu": [
				"x64"
			],
			"dev": true,
			"license": "MIT",
			"optional": true,
			"os": [
				"win32"
			]
		},
		"node_modules/@yuku-parser/binding-android-arm64": {
			"version": "0.8.3",
			"resolved": "https://registry.npmjs.org/@yuku-parser/binding-android-arm64/-/binding-android-arm64-0.8.3.tgz",
			"integrity": "sha512-vySYRsMeul9ssvxeHdxgS9ZUIcq7gqljWNqgokjJE0uQWvVvOprihJ6hOsiifVqWsla0BMc3vAFBvNS9QqCw7g==",
			"cpu": [
				"arm64"
			],
			"dev": true,
			"license": "MIT",
			"optional": true,
			"os": [
				"android"
			]
		},
		"node_modules/@yuku-parser/binding-darwin-arm64": {
			"version": "0.8.3",
			"resolved": "https://registry.npmjs.org/@yuku-parser/binding-darwin-arm64/-/binding-darwin-arm64-0.8.3.tgz",
			"integrity": "sha512-+wpB/wqhiZ685Y77I+lj6v9pHSAJ3Y+QMHJmvch0Q0ahIMbNwtKk3s54MhtjCMKO1qpjPbyN/PjuHDg2hbKaVQ==",
			"cpu": [
				"arm64"
			],
			"dev": true,
			"license": "MIT",
			"optional": true,
			"os": [
				"darwin"
			]
		},
		"node_modules/@yuku-parser/binding-darwin-x64": {
			"version": "0.8.3",
			"resolved": "https://registry.npmjs.org/@yuku-parser/binding-darwin-x64/-/binding-darwin-x64-0.8.3.tgz",
			"integrity": "sha512-jKqiWejj4zVy7pPtEGu4/Ty+pG1h7ooQOXIkm7shKZTSwTU9X8X+eoH11uIeKHZi2SQWV0GhNz0J56eerseysQ==",
			"cpu": [
				"x64"
			],
			"dev": true,
			"license": "MIT",
			"optional": true,
			"os": [
				"darwin"
			]
		},
		"node_modules/@yuku-parser/binding-freebsd-x64": {
			"version": "0.8.3",
			"resolved": "https://registry.npmjs.org/@yuku-parser/binding-freebsd-x64/-/binding-freebsd-x64-0.8.3.tgz",
			"integrity": "sha512-FC7zSwzFzd4z9bsId07CiHLR+Iw6yW/LzIQhL5AUtPUuVXLgEyx0rilgbRUYkl1CT3GJcLpkh63WuPZUSgCDzw==",
			"cpu": [
				"x64"
			],
			"dev": true,
			"license": "MIT",
			"optional": true,
			"os": [
				"freebsd"
			]
		},
		"node_modules/@yuku-parser/binding-linux-arm-gnu": {
			"version": "0.8.3",
			"resolved": "https://registry.npmjs.org/@yuku-parser/binding-linux-arm-gnu/-/binding-linux-arm-gnu-0.8.3.tgz",
			"integrity": "sha512-So61j88b9/ygDnUPlWCm1EUPw4HSxAyDjrNHKgud5N3aRDQ3kw94nW7TriXbo7GBXID9oBHCMNm1r1Fof/Df5Q==",
			"cpu": [
				"arm"
			],
			"dev": true,
			"libc": [
				"glibc"
			],
			"license": "MIT",
			"optional": true,
			"os": [
				"linux"
			]
		},
		"node_modules/@yuku-parser/binding-linux-arm-musl": {
			"version": "0.8.3",
			"resolved": "https://registry.npmjs.org/@yuku-parser/binding-linux-arm-musl/-/binding-linux-arm-musl-0.8.3.tgz",
			"integrity": "sha512-Nmnn20yJvSSKL8ZdtqReBRSGCDkSMqR5jEk/Sk/cdIdZmqVD49Z6M7w2GbMjdrxMI1MBPbsWFMMWxa93cd5t5g==",
			"cpu": [
				"arm"
			],
			"dev": true,
			"libc": [
				"musl"
			],
			"license": "MIT",
			"optional": true,
			"os": [
				"linux"
			]
		},
		"node_modules/@yuku-parser/binding-linux-arm64-gnu": {
			"version": "0.8.3",
			"resolved": "https://registry.npmjs.org/@yuku-parser/binding-linux-arm64-gnu/-/binding-linux-arm64-gnu-0.8.3.tgz",
			"integrity": "sha512-Lfgw7AXJ0rxu6BMPGgfc8HLJWEIr8BHhCzcQp/75k+NM90uCLkHlBNqIg/K42KlSvBgAvu9euOvjdswib+4qJA==",
			"cpu": [
				"arm64"
			],
			"dev": true,
			"libc": [
				"glibc"
			],
			"license": "MIT",
			"optional": true,
			"os": [
				"linux"
			]
		},
		"node_modules/@yuku-parser/binding-linux-arm64-musl": {
			"version": "0.8.3",
			"resolved": "https://registry.npmjs.org/@yuku-parser/binding-linux-arm64-musl/-/binding-linux-arm64-musl-0.8.3.tgz",
			"integrity": "sha512-cfRyu87xsJ0tFkHNsnMC4Rq6+xsFJ6i2dc4VAH52d2qLvykEJU/Mdi3ul1O2PyOApX/LoLT3uQZ0fWs3D5XE4w==",
			"cpu": [
				"arm64"
			],
			"dev": true,
			"libc": [
				"musl"
			],
			"license": "MIT",
			"optional": true,
			"os": [
				"linux"
			]
		},
		"node_modules/@yuku-parser/binding-linux-x64-gnu": {
			"version": "0.8.3",
			"resolved": "https://registry.npmjs.org/@yuku-parser/binding-linux-x64-gnu/-/binding-linux-x64-gnu-0.8.3.tgz",
			"integrity": "sha512-GcQQCUuYxbm6P1n+io/A50rvWKDeWHutIp6rW0ycDOZuEQjOb8hDVgS88+NDyOnd9FfS0/Z6GXopcRFDyKpzOg==",
			"cpu": [
				"x64"
			],
			"dev": true,
			"libc": [
				"glibc"
			],
			"license": "MIT",
			"optional": true,
			"os": [
				"linux"
			]
		},
		"node_modules/@yuku-parser/binding-linux-x64-musl": {
			"version": "0.8.3",
			"resolved": "https://registry.npmjs.org/@yuku-parser/binding-linux-x64-musl/-/binding-linux-x64-musl-0.8.3.tgz",
			"integrity": "sha512-rMkImBGZzg7GZlj8krYtdiezyjYI4igjKWMut5T65jHyNWFigMQrEpn9mDIBflloW9FKhGE3mN6yTZ/N+4HRwg==",
			"cpu": [
				"x64"
			],
			"dev": true,
			"libc": [
				"musl"
			],
			"license": "MIT",
			"optional": true,
			"os": [
				"linux"
			]
		},
		"node_modules/@yuku-parser/binding-win32-arm64": {
			"version": "0.8.3",
			"resolved": "https://registry.npmjs.org/@yuku-parser/binding-win32-arm64/-/binding-win32-arm64-0.8.3.tgz",
			"integrity": "sha512-/2Pl2cAzCXWxah8FqJapEj/ikpt9cEutEZFCa0hnbfrshkn5+C+aBM3ZDq62d1jsgQjBMmqr5HVhJUA4OAG/Tg==",
			"cpu": [
				"arm64"
			],
			"dev": true,
			"license": "MIT",
			"optional": true,
			"os": [
				"win32"
			]
		},
		"node_modules/@yuku-parser/binding-win32-x64": {
			"version": "0.8.3",
			"resolved": "https://registry.npmjs.org/@yuku-parser/binding-win32-x64/-/binding-win32-x64-0.8.3.tgz",
			"integrity": "sha512-Ntnvjoan9jnfLhn7Kn3h8j/bhsbVdQSVmKUqFULKtmwImLCJVHOJbLL4qbEJyrOQ7r/FBL1/c/dRvx/AQWzzXg==",
			"cpu": [
				"x64"
			],
			"dev": true,
			"license": "MIT",
			"optional": true,
			"os": [
				"win32"
			]
		},
		"node_modules/@yuku-toolchain/types": {
			"version": "0.8.3",
			"resolved": "https://registry.npmjs.org/@yuku-toolchain/types/-/types-0.8.3.tgz",
			"integrity": "sha512-9LN3HYs3A9qSPVFunsxlbfwBcUgexti3TmhOzIxB/UH8zFuaHQJXTRDcN17DW6cp1GsyZtiZA7f18uIra36Jag==",
			"dev": true,
			"license": "MIT"
		},
		"node_modules/ansis": {
			"version": "4.3.1",
			"resolved": "https://registry.npmjs.org/ansis/-/ansis-4.3.1.tgz",
			"integrity": "sha512-BJ8/l4R5LRE7hW9WdSuGYrLSHi2ynxeFpDFbH0K/CgNeY/tyhk+vO6TYxXC5r5CpUhNVX310xzPsN/H9lCdfOA==",
			"dev": true,
			"license": "ISC",
			"engines": {
				"node": ">=14"
			}
		},
		"node_modules/bytes-iec": {
			"version": "3.1.1",
			"resolved": "https://registry.npmjs.org/bytes-iec/-/bytes-iec-3.1.1.tgz",
			"integrity": "sha512-fey6+4jDK7TFtFg/klGSvNKJctyU7n2aQdnM+CO0ruLPbqqMOM8Tio0Pc+deqUeVKX1tL5DQep1zQ7+37aTAsA==",
			"dev": true,
			"license": "MIT",
			"engines": {
				"node": ">= 0.8"
			}
		},
		"node_modules/cac": {
			"version": "7.0.0",
			"resolved": "https://registry.npmjs.org/cac/-/cac-7.0.0.tgz",
			"integrity": "sha512-tixWYgm5ZoOD+3g6UTea91eow5z6AAHaho3g0V9CNSNb45gM8SmflpAc+GRd1InC4AqN/07Unrgp56Y94N9hJQ==",
			"dev": true,
			"license": "MIT",
			"engines": {
				"node": ">=20.19.0"
			}
		},
		"node_modules/defu": {
			"version": "6.1.7",
			"resolved": "https://registry.npmjs.org/defu/-/defu-6.1.7.tgz",
			"integrity": "sha512-7z22QmUWiQ/2d0KkdYmANbRUVABpZ9SNYyH5vx6PZ+nE5bcC0l7uFvEfHlyld/HcGBFTL536ClDt3DEcSlEJAQ==",
			"dev": true,
			"license": "MIT"
		},
		"node_modules/dts-resolver": {
			"version": "3.0.0",
			"resolved": "https://registry.npmjs.org/dts-resolver/-/dts-resolver-3.0.0.tgz",
			"integrity": "sha512-1T1f+z+4tl9XD+m+0HBgWoL/nm0bOIffyWaUuUSBlFg/86IWvfx+wjNaO/ybU0AJzG9/Mi5hBUgGV6zCmWEN7Q==",
			"dev": true,
			"license": "MIT",
			"engines": {
				"node": "^22.18.0 || >=24.0.0"
			},
			"funding": {
				"url": "https://github.com/sponsors/sxzz"
			},
			"peerDependencies": {
				"oxc-resolver": ">=11.0.0"
			},
			"peerDependenciesMeta": {
				"oxc-resolver": {
					"optional": true
				}
			}
		},
		"node_modules/empathic": {
			"version": "2.0.1",
			"resolved": "https://registry.npmjs.org/empathic/-/empathic-2.0.1.tgz",
			"integrity": "sha512-YGRs8knHhKHVShLkFET/rWAU8kmHbOV5LwN938RHI0pljAJ1Gf6SzXsSmRaEzcXTtOOmVqJ5+WtQPL5uigY50Q==",
			"dev": true,
			"license": "MIT",
			"engines": {
				"node": ">=14"
			}
		},
		"node_modules/fdir": {
			"version": "6.5.0",
			"resolved": "https://registry.npmjs.org/fdir/-/fdir-6.5.0.tgz",
			"integrity": "sha512-tIbYtZbucOs0BRGqPJkshJUYdL+SDH7dVM8gjy+ERp3WAUjLEFJE+02kanyHtwjWOnwrKYBiwAmM0p4kLJAnXg==",
			"dev": true,
			"license": "MIT",
			"engines": {
				"node": ">=12.0.0"
			},
			"peerDependencies": {
				"picomatch": "^3 || ^4"
			},
			"peerDependenciesMeta": {
				"picomatch": {
					"optional": true
				}
			}
		},
		"node_modules/get-tsconfig": {
			"version": "5.0.0-beta.5",
			"resolved": "https://registry.npmjs.org/get-tsconfig/-/get-tsconfig-5.0.0-beta.5.tgz",
			"integrity": "sha512-/6gFNr0N04nob252sTQxyFLi3eKFRqIg1I87YcqAMT1i6SQrSF6KujUEQrtrjMV0H/eejTCltLdDSTEMzHbnsQ==",
			"dev": true,
			"license": "MIT",
			"dependencies": {
				"resolve-pkg-maps": "^1.0.0"
			},
			"engines": {
				"node": ">=20.20.0"
			},
			"funding": {
				"url": "https://github.com/privatenumber/get-tsconfig?sponsor=1"
			}
		},
		"node_modules/hookable": {
			"version": "6.1.1",
			"resolved": "https://registry.npmjs.org/hookable/-/hookable-6.1.1.tgz",
			"integrity": "sha512-U9LYDy1CwhMCnprUfeAZWZGByVbhd54hwepegYTK7Pi5NvqEj63ifz5z+xukznehT7i6NIZRu89Ay1AZmRsLEQ==",
			"dev": true,
			"license": "MIT"
		},
		"node_modules/import-without-cache": {
			"version": "0.4.0",
			"resolved": "https://registry.npmjs.org/import-without-cache/-/import-without-cache-0.4.0.tgz",
			"integrity": "sha512-NkJQA7oZ4YHQhd2+H3BoRFKF3d/XNsiKpHZCQEMH9pDX27hQQLsTyOocyRgaIVtf8gHX3Nt3LPkR4e5EdtPAGQ==",
			"dev": true,
			"license": "MIT",
			"engines": {
				"node": "^22.18.0 || >=24.0.0"
			},
			"funding": {
				"url": "https://github.com/sponsors/sxzz"
			}
		},
		"node_modules/lilconfig": {
			"version": "3.1.3",
			"resolved": "https://registry.npmjs.org/lilconfig/-/lilconfig-3.1.3.tgz",
			"integrity": "sha512-/vlFKAoH5Cgt3Ie+JLhRbwOsCQePABiU3tJ1egGvyQ+33R/vcwM2Zl2QR/LzjsBeItPt3oSVXapn+m4nQDvpzw==",
			"dev": true,
			"license": "MIT",
			"engines": {
				"node": ">=14"
			},
			"funding": {
				"url": "https://github.com/sponsors/antonk52"
			}
		},
		"node_modules/nanospinner": {
			"version": "1.2.2",
			"resolved": "https://registry.npmjs.org/nanospinner/-/nanospinner-1.2.2.tgz",
			"integrity": "sha512-Zt/AmG6qRU3e+WnzGGLuMCEAO/dAu45stNbHY223tUxldaDAeE+FxSPsd9Q+j+paejmm0ZbrNVs5Sraqy3dRxA==",
			"dev": true,
			"license": "MIT",
			"dependencies": {
				"picocolors": "^1.1.1"
			}
		},
		"node_modules/obug": {
			"version": "2.1.4",
			"resolved": "https://registry.npmjs.org/obug/-/obug-2.1.4.tgz",
			"integrity": "sha512-4a+OsYv9UktOJKE+l1A4OufDgdRF9PifWj+tJnHURo/P+WOxpG4GzUFL9qCalmWauao6ogiG+QvnCovwPoyAWA==",
			"dev": true,
			"funding": [
				"https://github.com/sponsors/sxzz",
				"https://opencollective.com/debug"
			],
			"license": "MIT",
			"engines": {
				"node": ">=12.20.0"
			}
		},
		"node_modules/picocolors": {
			"version": "1.1.1",
			"resolved": "https://registry.npmjs.org/picocolors/-/picocolors-1.1.1.tgz",
			"integrity": "sha512-xceH2snhtb5M9liqDsmEw56le376mTZkEX/jEb/RxNFyegNul7eNslCXP9FDj/Lcu0X8KEyMceP2ntpaHrDEVA==",
			"dev": true,
			"license": "ISC"
		},
		"node_modules/picomatch": {
			"version": "4.0.5",
			"resolved": "https://registry.npmjs.org/picomatch/-/picomatch-4.0.5.tgz",
			"integrity": "sha512-RvwwcruNjI1ncT5xRakeyS9Lf8lcItv34KD+aif+VH9kduAyfYBipGh12274xtenIPZ119/R9BdTBa8gAwSh0A==",
			"dev": true,
			"license": "MIT",
			"engines": {
				"node": ">=12"
			},
			"funding": {
				"url": "https://github.com/sponsors/jonschlinkert"
			}
		},
		"node_modules/quansync": {
			"version": "1.0.0",
			"resolved": "https://registry.npmjs.org/quansync/-/quansync-1.0.0.tgz",
			"integrity": "sha512-5xZacEEufv3HSTPQuchrvV6soaiACMFnq1H8wkVioctoH3TRha9Sz66lOxRwPK/qZj7HPiSveih9yAyh98gvqA==",
			"dev": true,
			"funding": [
				{
					"type": "individual",
					"url": "https://github.com/sponsors/antfu"
				},
				{
					"type": "individual",
					"url": "https://github.com/sponsors/sxzz"
				}
			],
			"license": "MIT"
		},
		"node_modules/resolve-pkg-maps": {
			"version": "1.0.0",
			"resolved": "https://registry.npmjs.org/resolve-pkg-maps/-/resolve-pkg-maps-1.0.0.tgz",
			"integrity": "sha512-seS2Tj26TBVOC2NIc2rOe2y2ZO7efxITtLZcGSOnHHNOQ7CkiUBfw0Iw2ck6xkIhPwLhKNLS8BO+hEpngQlqzw==",
			"dev": true,
			"license": "MIT",
			"funding": {
				"url": "https://github.com/privatenumber/resolve-pkg-maps?sponsor=1"
			}
		},
		"node_modules/rolldown": {
			"version": "1.2.2",
			"resolved": "https://registry.npmjs.org/rolldown/-/rolldown-1.2.2.tgz",
			"integrity": "sha512-opwpo1tQBAcpSUJDt94B7hhLNGOKjCdE//XXjeLrnx9b83bjnw45tXdg1b09yEw/VLFBJGZpwRULMmOZo7ol+A==",
			"dev": true,
			"license": "MIT",
			"dependencies": {
				"@oxc-project/types": "=0.142.0",
				"@rolldown/pluginutils": "^1.0.0"
			},
			"bin": {
				"rolldown": "bin/cli.mjs"
			},
			"engines": {
				"node": "^20.19.0 || >=22.12.0"
			},
			"optionalDependencies": {
				"@rolldown/binding-android-arm64": "1.2.2",
				"@rolldown/binding-darwin-arm64": "1.2.2",
				"@rolldown/binding-darwin-x64": "1.2.2",
				"@rolldown/binding-freebsd-x64": "1.2.2",
				"@rolldown/binding-linux-arm-gnueabihf": "1.2.2",
				"@rolldown/binding-linux-arm64-gnu": "1.2.2",
				"@rolldown/binding-linux-arm64-musl": "1.2.2",
				"@rolldown/binding-linux-ppc64-gnu": "1.2.2",
				"@rolldown/binding-linux-s390x-gnu": "1.2.2",
				"@rolldown/binding-linux-x64-gnu": "1.2.2",
				"@rolldown/binding-linux-x64-musl": "1.2.2",
				"@rolldown/binding-openharmony-arm64": "1.2.2",
				"@rolldown/binding-win32-arm64-msvc": "1.2.2",
				"@rolldown/binding-win32-x64-msvc": "1.2.2"
			}
		},
		"node_modules/rolldown-plugin-dts": {
			"version": "0.27.14",
			"resolved": "https://registry.npmjs.org/rolldown-plugin-dts/-/rolldown-plugin-dts-0.27.14.tgz",
			"integrity": "sha512-ZvuDDwoIpRK9RPxDXratCpklFO9QZZWndf/sd0VBFb4LEj0jj07UcHK9OCh7V4XiFz2Z89ziyBC2K6tJiDjrbw==",
			"dev": true,
			"license": "MIT",
			"dependencies": {
				"dts-resolver": "^3.0.0",
				"get-tsconfig": "5.0.0-beta.5",
				"obug": "^2.1.4",
				"yuku-ast": "^0.8.0",
				"yuku-codegen": "^0.8.0",
				"yuku-parser": "^0.8.0"
			},
			"engines": {
				"node": "^22.18.0 || >=24.11.0"
			},
			"funding": {
				"url": "https://github.com/sponsors/sxzz"
			},
			"peerDependencies": {
				"@typescript/native-preview": "*",
				"@volar/typescript": "~2.4.0",
				"rolldown": "^1.0.0",
				"typescript": "^5.0.0 || ^6.0.0 || ~7.0.0",
				"vue-tsc": "~3.2.0 || ~3.3.0"
			},
			"peerDependenciesMeta": {
				"@typescript/native-preview": {
					"optional": true
				},
				"@volar/typescript": {
					"optional": true
				},
				"typescript": {
					"optional": true
				},
				"vue-tsc": {
					"optional": true
				}
			}
		},
		"node_modules/size-limit": {
			"version": "13.0.3",
			"resolved": "https://registry.npmjs.org/size-limit/-/size-limit-13.0.3.tgz",
			"integrity": "sha512-KVb2aNEU49BwTR21SVjD+2QHP9gBV/nWsTHzNB/heRwXtHyA7lLQiDZDQ1TiNh/B/TZXKAZrHYyTt+cvBUrzYw==",
			"dev": true,
			"license": "MIT",
			"dependencies": {
				"bytes-iec": "^3.1.1",
				"lilconfig": "^3.1.3",
				"nanospinner": "^1.2.2"
			},
			"bin": {
				"size-limit": "bin.js"
			},
			"engines": {
				"node": "^22.18.0 || ^24.0.0 || >=26.0.0"
			}
		},
		"node_modules/tinyexec": {
			"version": "1.2.4",
			"resolved": "https://registry.npmjs.org/tinyexec/-/tinyexec-1.2.4.tgz",
			"integrity": "sha512-SHf/r48b7vOrjve9PxJo3MN5v5yuyjHvdUcrQffT3WXMUfnGmHDVbC4k3sHJaJTgZCwpUplIaAo5ANtMyp3YHg==",
			"dev": true,
			"license": "MIT",
			"engines": {
				"node": ">=18"
			}
		},
		"node_modules/tinyglobby": {
			"version": "0.2.17",
			"resolved": "https://registry.npmjs.org/tinyglobby/-/tinyglobby-0.2.17.tgz",
			"integrity": "sha512-wXR/dYpcqKmfWpEdZjiKJOwCNFndD0DMnrW/cYjVGttEkBfVgcLFHoNrlj47mjOVic9yyNu65alsgF4NQyTa2g==",
			"dev": true,
			"license": "MIT",
			"dependencies": {
				"fdir": "^6.5.0",
				"picomatch": "^4.0.4"
			},
			"engines": {
				"node": ">=12.0.0"
			},
			"funding": {
				"url": "https://github.com/sponsors/SuperchupuDev"
			}
		},
		"node_modules/tree-kill": {
			"version": "1.2.2",
			"resolved": "https://registry.npmjs.org/tree-kill/-/tree-kill-1.2.2.tgz",
			"integrity": "sha512-L0Orpi8qGpRG//Nd+H90vFB+3iHnue1zSSGmNOOCh1GLJ7rUKVwV2HvijphGQS2UmhUZewS9VgvxYIdgr+fG1A==",
			"dev": true,
			"license": "MIT",
			"bin": {
				"tree-kill": "cli.js"
			}
		},
		"node_modules/tsdown": {
			"version": "0.22.14",
			"resolved": "https://registry.npmjs.org/tsdown/-/tsdown-0.22.14.tgz",
			"integrity": "sha512-ule7Y+fsAN2iZbLDoo7C4KYljFJNJJ+fLshyn+9gozeTspVersWHxwdGB+Dm2hzA38s6muFnUTl0jK3vJm9ifQ==",
			"dev": true,
			"license": "MIT",
			"dependencies": {
				"ansis": "^4.3.1",
				"cac": "^7.0.0",
				"defu": "^6.1.7",
				"empathic": "^2.0.1",
				"hookable": "^6.1.1",
				"import-without-cache": "^0.4.0",
				"obug": "^2.1.4",
				"picomatch": "^4.0.5",
				"rolldown": "~1.2.0",
				"rolldown-plugin-dts": "^0.27.13",
				"tinyexec": "^1.2.4",
				"tinyglobby": "^0.2.17",
				"tree-kill": "^1.2.2",
				"unconfig-core": "^7.5.0",
				"verkit": "^0.3.0"
			},
			"bin": {
				"tsdown": "dist/run.mjs"
			},
			"engines": {
				"node": "^22.18.0 || >=24.11.0"
			},
			"funding": {
				"url": "https://github.com/sponsors/sxzz"
			},
			"peerDependencies": {
				"@arethetypeswrong/core": "^0.18.1",
				"@tsdown/css": "0.22.14",
				"@tsdown/exe": "0.22.14",
				"@vitejs/devtools": "*",
				"publint": "^0.3.8",
				"tsx": "*",
				"typescript": "^5.0.0 || ^6.0.0 || ^7.0.0",
				"unplugin-unused": "^0.5.0",
				"unrun": "*"
			},
			"peerDependenciesMeta": {
				"@arethetypeswrong/core": {
					"optional": true
				},
				"@tsdown/css": {
					"optional": true
				},
				"@tsdown/exe": {
					"optional": true
				},
				"@vitejs/devtools": {
					"optional": true
				},
				"publint": {
					"optional": true
				},
				"tsx": {
					"optional": true
				},
				"typescript": {
					"optional": true
				},
				"unplugin-unused": {
					"optional": true
				},
				"unrun": {
					"optional": true
				}
			}
		},
		"node_modules/unconfig-core": {
			"version": "7.5.0",
			"resolved": "https://registry.npmjs.org/unconfig-core/-/unconfig-core-7.5.0.tgz",
			"integrity": "sha512-Su3FauozOGP44ZmKdHy2oE6LPjk51M/TRRjHv2HNCWiDvfvCoxC2lno6jevMA91MYAdCdwP05QnWdWpSbncX/w==",
			"dev": true,
			"license": "MIT",
			"dependencies": {
				"@quansync/fs": "^1.0.0",
				"quansync": "^1.0.0"
			},
			"funding": {
				"url": "https://github.com/sponsors/antfu"
			}
		},
		"node_modules/verkit": {
			"version": "0.3.1",
			"resolved": "https://registry.npmjs.org/verkit/-/verkit-0.3.1.tgz",
			"integrity": "sha512-w2Eo8LSIIoW7qxNBzT7/17k+bh8plXo7G3dHjEIDqPlnluhzaxr9JX8F28VSYEtDvc1/a3WBDih6xNUZseebXg==",
			"dev": true,
			"license": "MIT",
			"engines": {
				"node": ">=18.12.0"
			},
			"funding": {
				"url": "https://github.com/sponsors/sxzz"
			}
		},
		"node_modules/yuku-ast": {
			"version": "0.8.3",
			"resolved": "https://registry.npmjs.org/yuku-ast/-/yuku-ast-0.8.3.tgz",
			"integrity": "sha512-8x34yU5uhHUnJXzy2Qvjvec/vE9BzS0/2khVT1MsLmSLO/P8Q1Wp8IxHv+IhD+HMYETk6kherOSvP4JPWw2joQ==",
			"dev": true,
			"license": "MIT",
			"dependencies": {
				"@yuku-toolchain/types": "^0.8.3"
			}
		},
		"node_modules/yuku-codegen": {
			"version": "0.8.3",
			"resolved": "https://registry.npmjs.org/yuku-codegen/-/yuku-codegen-0.8.3.tgz",
			"integrity": "sha512-okdo5bb+TfebQa4JOjz9QxeT34D6CcBxu8dxaPUdFEKRdLkp+D2Fah2OanepK+XTyPXdmAJzAo9iXvYvZ/5rmg==",
			"dev": true,
			"license": "MIT",
			"dependencies": {
				"@yuku-toolchain/types": "^0.8.3"
			},
			"optionalDependencies": {
				"@yuku-codegen/binding-android-arm64": "0.8.3",
				"@yuku-codegen/binding-darwin-arm64": "0.8.3",
				"@yuku-codegen/binding-darwin-x64": "0.8.3",
				"@yuku-codegen/binding-freebsd-x64": "0.8.3",
				"@yuku-codegen/binding-linux-arm-gnu": "0.8.3",
				"@yuku-codegen/binding-linux-arm-musl": "0.8.3",
				"@yuku-codegen/binding-linux-arm64-gnu": "0.8.3",
				"@yuku-codegen/binding-linux-arm64-musl": "0.8.3",
				"@yuku-codegen/binding-linux-x64-gnu": "0.8.3",
				"@yuku-codegen/binding-linux-x64-musl": "0.8.3",
				"@yuku-codegen/binding-win32-arm64": "0.8.3",
				"@yuku-codegen/binding-win32-x64": "0.8.3"
			}
		},
		"node_modules/yuku-parser": {
			"version": "0.8.3",
			"resolved": "https://registry.npmjs.org/yuku-parser/-/yuku-parser-0.8.3.tgz",
			"integrity": "sha512-KPQcpF9aj77ywlJBIkQWCQ9DObdxnCA8AJdUOmA5CZZx042Xt4+dvbQmPJfWxF3E+KG5dVAZ2fBKuDJ8VsKWgA==",
			"dev": true,
			"license": "MIT",
			"dependencies": {
				"@yuku-toolchain/types": "^0.8.3",
				"yuku-ast": "^0.8.3"
			},
			"optionalDependencies": {
				"@yuku-parser/binding-android-arm64": "0.8.3",
				"@yuku-parser/binding-darwin-arm64": "0.8.3",
				"@yuku-parser/binding-darwin-x64": "0.8.3",
				"@yuku-parser/binding-freebsd-x64": "0.8.3",
				"@yuku-parser/binding-linux-arm-gnu": "0.8.3",
				"@yuku-parser/binding-linux-arm-musl": "0.8.3",
				"@yuku-parser/binding-linux-arm64-gnu": "0.8.3",
				"@yuku-parser/binding-linux-arm64-musl": "0.8.3",
				"@yuku-parser/binding-linux-x64-gnu": "0.8.3",
				"@yuku-parser/binding-linux-x64-musl": "0.8.3",
				"@yuku-parser/binding-win32-arm64": "0.8.3",
				"@yuku-parser/binding-win32-x64": "0.8.3"
			}
		}
	}
}
