{
	"name": "shvl",
	"version": "3.0.2",
	"lockfileVersion": 3,
	"requires": true,
	"packages": {
		"": {
			"name": "shvl",
			"version": "3.0.2",
			"license": "MIT",
			"devDependencies": {
				"@size-limit/file": "^13.0.3",
				"size-limit": "^13.0.3",
				"tsdown": "^0.23.0"
			}
		},
		"node_modules/@oxc-project/types": {
			"version": "0.148.0",
			"resolved": "https://registry.npmjs.org/@oxc-project/types/-/types-0.148.0.tgz",
			"integrity": "sha512-Nm4s/jB+4FpFsPhWGEC4h7rzksesmtnMXomo6rCMcg/b8zLQuOziRgkCS1fxDCXOlJB/6Q8oABOZ/OP6RIPj9A==",
			"dev": true,
			"license": "MIT",
			"funding": {
				"url": "https://github.com/sponsors/oxc-project"
			}
		},
		"node_modules/@quansync/fs": {
			"version": "1.0.0",
			"resolved": "https://registry.npmjs.org/@quansync/fs/-/fs-1.0.0.tgz",
			"integrity": "sha512-4TJ3DFtlf1L5LDMaM6CanJ/0lckGNtJcMjQ1NAV6zDmA0tEHKZtxNKin8EgPaVX1YzljbxckyT2tJrpQKAtngQ==",
			"dev": true,
			"license": "MIT",
			"dependencies": {
				"quansync": "^1.0.0"
			},
			"funding": {
				"url": "https://github.com/sponsors/sxzz"
			}
		},
		"node_modules/@rolldown/binding-android-arm-eabi": {
			"version": "1.2.7",
			"resolved": "https://registry.npmjs.org/@rolldown/binding-android-arm-eabi/-/binding-android-arm-eabi-1.2.7.tgz",
			"integrity": "sha512-EypzgnYCwyVY4NDHKzGmNJT5b+XaQEBniHxsMdeIQLB/tcCzZnhqrzHpZFbX9iaxx+5RiB8caATBtfvZP7zVxQ==",
			"cpu": [
				"arm"
			],
			"dev": true,
			"license": "MIT",
			"optional": true,
			"os": [
				"android"
			],
			"engines": {
				"node": "^20.19.0 || >=22.12.0"
			}
		},
		"node_modules/@rolldown/binding-android-arm64": {
			"version": "1.2.7",
			"resolved": "https://registry.npmjs.org/@rolldown/binding-android-arm64/-/binding-android-arm64-1.2.7.tgz",
			"integrity": "sha512-l17HE9EweWaqJZhuUuNBN/FzM62xw+DECVnJyvMsxn8vJFAGLy5QfLDoYAcronkAN8VxKZHezDpulHDPx95vFw==",
			"cpu": [
				"arm64"
			],
			"dev": true,
			"license": "MIT",
			"optional": true,
			"os": [
				"android"
			],
			"engines": {
				"node": "^20.19.0 || >=22.12.0"
			}
		},
		"node_modules/@rolldown/binding-darwin-arm64": {
			"version": "1.2.7",
			"resolved": "https://registry.npmjs.org/@rolldown/binding-darwin-arm64/-/binding-darwin-arm64-1.2.7.tgz",
			"integrity": "sha512-8ED8ELFvHXc6OCETIn4gXObPiaR6bckM/ipXtbzlPVDRMBfEGjCKgO90F9YtfdpDatVx/ZQw7aZ1vUMf/+T3Mw==",
			"cpu": [
				"arm64"
			],
			"dev": true,
			"license": "MIT",
			"optional": true,
			"os": [
				"darwin"
			],
			"engines": {
				"node": "^20.19.0 || >=22.12.0"
			}
		},
		"node_modules/@rolldown/binding-darwin-x64": {
			"version": "1.2.7",
			"resolved": "https://registry.npmjs.org/@rolldown/binding-darwin-x64/-/binding-darwin-x64-1.2.7.tgz",
			"integrity": "sha512-/WPripjtiAIZ2tWY7ddijORT0Ujg87wxWW/qcoFVCKAWVDPhtY0xr7Dj0M3GyNGz60jGwTElhro/mkF9dT7dDQ==",
			"cpu": [
				"x64"
			],
			"dev": true,
			"license": "MIT",
			"optional": true,
			"os": [
				"darwin"
			],
			"engines": {
				"node": "^20.19.0 || >=22.12.0"
			}
		},
		"node_modules/@rolldown/binding-freebsd-x64": {
			"version": "1.2.7",
			"resolved": "https://registry.npmjs.org/@rolldown/binding-freebsd-x64/-/binding-freebsd-x64-1.2.7.tgz",
			"integrity": "sha512-14DI4NcqpvbICxSnGLx3PmtDaWqRP/KGSGb6C+JLLVPeZRl6dKdHba3pGsqT3vpdTqhEYIPG0MMQ8c0xYqoJxA==",
			"cpu": [
				"x64"
			],
			"dev": true,
			"license": "MIT",
			"optional": true,
			"os": [
				"freebsd"
			],
			"engines": {
				"node": "^20.19.0 || >=22.12.0"
			}
		},
		"node_modules/@rolldown/binding-linux-arm-gnueabihf": {
			"version": "1.2.7",
			"resolved": "https://registry.npmjs.org/@rolldown/binding-linux-arm-gnueabihf/-/binding-linux-arm-gnueabihf-1.2.7.tgz",
			"integrity": "sha512-bxrWIRvHWQvbJwi+VIie/kDJmQxcNE6xxWwZdqF/ExVAigtHkv54WTLQPb+QsZdnFy18fg7JPfWGL0RH6vwIlQ==",
			"cpu": [
				"arm"
			],
			"dev": true,
			"license": "MIT",
			"optional": true,
			"os": [
				"linux"
			],
			"engines": {
				"node": "^20.19.0 || >=22.12.0"
			}
		},
		"node_modules/@rolldown/binding-linux-arm64-gnu": {
			"version": "1.2.7",
			"resolved": "https://registry.npmjs.org/@rolldown/binding-linux-arm64-gnu/-/binding-linux-arm64-gnu-1.2.7.tgz",
			"integrity": "sha512-toOY2BChBZyuxU7OYX6Tn389di4IzAqPTycVcci0O7FSfBqzRB3RZn+K5Is6ANf4tmgRd/K1yZTsNTXbkXsnLg==",
			"cpu": [
				"arm64"
			],
			"dev": true,
			"libc": [
				"glibc"
			],
			"license": "MIT",
			"optional": true,
			"os": [
				"linux"
			],
			"engines": {
				"node": "^20.19.0 || >=22.12.0"
			}
		},
		"node_modules/@rolldown/binding-linux-arm64-musl": {
			"version": "1.2.7",
			"resolved": "https://registry.npmjs.org/@rolldown/binding-linux-arm64-musl/-/binding-linux-arm64-musl-1.2.7.tgz",
			"integrity": "sha512-lAIXTH/aiLRLxsTgQvfhjo4K1ydWIp00+V0voOr9beb/9ZmkUFrSIb03dXNFRgMNvkE6oGsF10ioQ6UsI+vS5Q==",
			"cpu": [
				"arm64"
			],
			"dev": true,
			"libc": [
				"musl"
			],
			"license": "MIT",
			"optional": true,
			"os": [
				"linux"
			],
			"engines": {
				"node": "^20.19.0 || >=22.12.0"
			}
		},
		"node_modules/@rolldown/binding-linux-ppc64-gnu": {
			"version": "1.2.7",
			"resolved": "https://registry.npmjs.org/@rolldown/binding-linux-ppc64-gnu/-/binding-linux-ppc64-gnu-1.2.7.tgz",
			"integrity": "sha512-kdnwS28Pkenp/mZMRwjXXXwxQ7pIsm+bF919LUK93BOyhcLsrVKdP2p9fxpiPNPAbNuch8ypQt0pm2P2LYCAGg==",
			"cpu": [
				"ppc64"
			],
			"dev": true,
			"libc": [
				"glibc"
			],
			"license": "MIT",
			"optional": true,
			"os": [
				"linux"
			],
			"engines": {
				"node": "^20.19.0 || >=22.12.0"
			}
		},
		"node_modules/@rolldown/binding-linux-s390x-gnu": {
			"version": "1.2.7",
			"resolved": "https://registry.npmjs.org/@rolldown/binding-linux-s390x-gnu/-/binding-linux-s390x-gnu-1.2.7.tgz",
			"integrity": "sha512-516OdsyLdr5E65paF3yBF55t8mfm9+gmtCsK3xI7XKXIT7EfRlHhxL8K/NR6Hu8BWSgF5+1w74lTL0+nxcc8Qw==",
			"cpu": [
				"s390x"
			],
			"dev": true,
			"libc": [
				"glibc"
			],
			"license": "MIT",
			"optional": true,
			"os": [
				"linux"
			],
			"engines": {
				"node": "^20.19.0 || >=22.12.0"
			}
		},
		"node_modules/@rolldown/binding-linux-x64-gnu": {
			"version": "1.2.7",
			"resolved": "https://registry.npmjs.org/@rolldown/binding-linux-x64-gnu/-/binding-linux-x64-gnu-1.2.7.tgz",
			"integrity": "sha512-r8/z8n7GFaYRln3xmP1Cxy0HH/HLM0uBUPkEuSVEfKGDA89M0FsZRZJRSwe/tJjRx+fpH/gjorfhB8tmEbSFLA==",
			"cpu": [
				"x64"
			],
			"dev": true,
			"libc": [
				"glibc"
			],
			"license": "MIT",
			"optional": true,
			"os": [
				"linux"
			],
			"engines": {
				"node": "^20.19.0 || >=22.12.0"
			}
		},
		"node_modules/@rolldown/binding-linux-x64-musl": {
			"version": "1.2.7",
			"resolved": "https://registry.npmjs.org/@rolldown/binding-linux-x64-musl/-/binding-linux-x64-musl-1.2.7.tgz",
			"integrity": "sha512-pAsE8iiDxUg1xBqdhrTfg45AVDVpirjz00sblEYClGNNcMnDb+e8beQgqIAw6LvauX/APvgxUnwrgun/YYGBhw==",
			"cpu": [
				"x64"
			],
			"dev": true,
			"libc": [
				"musl"
			],
			"license": "MIT",
			"optional": true,
			"os": [
				"linux"
			],
			"engines": {
				"node": "^20.19.0 || >=22.12.0"
			}
		},
		"node_modules/@rolldown/binding-openharmony-arm64": {
			"version": "1.2.7",
			"resolved": "https://registry.npmjs.org/@rolldown/binding-openharmony-arm64/-/binding-openharmony-arm64-1.2.7.tgz",
			"integrity": "sha512-lTcIYmmnQQA8Or/2DatS6oSqcdLHvendjS+zLu+FwgToynWMRSmQdpM65fTANJgIS4mjbMOo5KT2lnT9SAb96w==",
			"cpu": [
				"arm64"
			],
			"dev": true,
			"license": "MIT",
			"optional": true,
			"os": [
				"openharmony"
			],
			"engines": {
				"node": "^20.19.0 || >=22.12.0"
			}
		},
		"node_modules/@rolldown/binding-win32-arm64-msvc": {
			"version": "1.2.7",
			"resolved": "https://registry.npmjs.org/@rolldown/binding-win32-arm64-msvc/-/binding-win32-arm64-msvc-1.2.7.tgz",
			"integrity": "sha512-e3Gu3WxbNk/UqQhxqU7YIYO+9ZBvWNz3U+h/qRFosscMFzdRPbXYSaSWgSnklv2fz1TgzBTcti2z35c/7irsHw==",
			"cpu": [
				"arm64"
			],
			"dev": true,
			"license": "MIT",
			"optional": true,
			"os": [
				"win32"
			],
			"engines": {
				"node": "^20.19.0 || >=22.12.0"
			}
		},
		"node_modules/@rolldown/binding-win32-x64-msvc": {
			"version": "1.2.7",
			"resolved": "https://registry.npmjs.org/@rolldown/binding-win32-x64-msvc/-/binding-win32-x64-msvc-1.2.7.tgz",
			"integrity": "sha512-W/jg5qoRSqjsEv0+dZi4e687mcHqmVuU0P4fK6qS/xjetW2Gmc1W8j//z5nAeNcC8Ttm0hV46IjcYeuVwYhuiw==",
			"cpu": [
				"x64"
			],
			"dev": true,
			"license": "MIT",
			"optional": true,
			"os": [
				"win32"
			],
			"engines": {
				"node": "^20.19.0 || >=22.12.0"
			}
		},
		"node_modules/@rolldown/pluginutils": {
			"version": "1.0.1",
			"resolved": "https://registry.npmjs.org/@rolldown/pluginutils/-/pluginutils-1.0.1.tgz",
			"integrity": "sha512-2j9bGt5Jh8hj+vPtgzPtl72j0yRxHAyumoo6TNfAjsLB04UtpSvPbPcDcBMxz7n+9CYB0c1GxQFxYRg2jimqGw==",
			"dev": true,
			"license": "MIT"
		},
		"node_modules/@size-limit/file": {
			"version": "13.0.3",
			"resolved": "https://registry.npmjs.org/@size-limit/file/-/file-13.0.3.tgz",
			"integrity": "sha512-PWTITIXH5p9aGIf6qq2Fruihn/b9nBQyfkyoAyb6DzFJgS1Ek9MSPJYKxKFLO8jdo0aqSgBPd3sevbS6PyBiJw==",
			"dev": true,
			"license": "MIT",
			"engines": {
				"node": "^20.0.0 || ^22.0.0 || >=24.0.0"
			},
			"peerDependencies": {
				"size-limit": "13.0.3"
			}
		},
		"node_modules/@yuku-codegen/binding-android-arm64": {
			"version": "0.9.4",
			"resolved": "https://registry.npmjs.org/@yuku-codegen/binding-android-arm64/-/binding-android-arm64-0.9.4.tgz",
			"integrity": "sha512-6ViGFAr+N2Yjnc8wBx16wJZGB0pGmClILO+FUC3kzwEydfjXQovWEdcFyl98RVtWdj9ahS41XXe2zKFl+L3uWg==",
			"cpu": [
				"arm64"
			],
			"dev": true,
			"license": "MIT",
			"optional": true,
			"os": [
				"android"
			]
		},
		"node_modules/@yuku-codegen/binding-darwin-arm64": {
			"version": "0.9.4",
			"resolved": "https://registry.npmjs.org/@yuku-codegen/binding-darwin-arm64/-/binding-darwin-arm64-0.9.4.tgz",
			"integrity": "sha512-0BTB70ha+wRsz6fI5HosevJpMmvgndmf+6ND1OneFKCrWhNzX/2xIQ36Z8rUgv5bpnWjKl6bRvzSFV3PU+WOlQ==",
			"cpu": [
				"arm64"
			],
			"dev": true,
			"license": "MIT",
			"optional": true,
			"os": [
				"darwin"
			]
		},
		"node_modules/@yuku-codegen/binding-darwin-x64": {
			"version": "0.9.4",
			"resolved": "https://registry.npmjs.org/@yuku-codegen/binding-darwin-x64/-/binding-darwin-x64-0.9.4.tgz",
			"integrity": "sha512-9QVVqq8LCD6v+Gl099u32YJ0999HBCoe09ecIeifKTi4Y1azX44DkF9q9pP2lxgwRUvR3GmWl5k1pLe3ojR2rg==",
			"cpu": [
				"x64"
			],
			"dev": true,
			"license": "MIT",
			"optional": true,
			"os": [
				"darwin"
			]
		},
		"node_modules/@yuku-codegen/binding-freebsd-x64": {
			"version": "0.9.4",
			"resolved": "https://registry.npmjs.org/@yuku-codegen/binding-freebsd-x64/-/binding-freebsd-x64-0.9.4.tgz",
			"integrity": "sha512-Qm3ky33Em9w1XVSryq+D/arLVapeqp0Bu1719UGV6olmfp4kTD+NfsLG9bRx5hOJSu1Zl3r9LbyTP1oTmcHAsg==",
			"cpu": [
				"x64"
			],
			"dev": true,
			"license": "MIT",
			"optional": true,
			"os": [
				"freebsd"
			]
		},
		"node_modules/@yuku-codegen/binding-linux-arm-gnu": {
			"version": "0.9.4",
			"resolved": "https://registry.npmjs.org/@yuku-codegen/binding-linux-arm-gnu/-/binding-linux-arm-gnu-0.9.4.tgz",
			"integrity": "sha512-euKmS7pnkeJylEN6+9bfu0jHtGfbQRfFBIpmTe8YVnWzQ5Rjyrns13+1kao2RSS9DNkucX1RXIdiTvQoDUXF0w==",
			"cpu": [
				"arm"
			],
			"dev": true,
			"libc": [
				"glibc"
			],
			"license": "MIT",
			"optional": true,
			"os": [
				"linux"
			]
		},
		"node_modules/@yuku-codegen/binding-linux-arm-musl": {
			"version": "0.9.4",
			"resolved": "https://registry.npmjs.org/@yuku-codegen/binding-linux-arm-musl/-/binding-linux-arm-musl-0.9.4.tgz",
			"integrity": "sha512-7JTizi2O+ks9/dLPDLYmVLsYQUC9Fxu0e6LNA+F6FFQ/sV2o7owBb1eTccMKkgauWGGUpJYQvlXrCKpGwguvhA==",
			"cpu": [
				"arm"
			],
			"dev": true,
			"libc": [
				"musl"
			],
			"license": "MIT",
			"optional": true,
			"os": [
				"linux"
			]
		},
		"node_modules/@yuku-codegen/binding-linux-arm64-gnu": {
			"version": "0.9.4",
			"resolved": "https://registry.npmjs.org/@yuku-codegen/binding-linux-arm64-gnu/-/binding-linux-arm64-gnu-0.9.4.tgz",
			"integrity": "sha512-f7eLYDwmcz56Jzvp8UmXUehFzTAn6hEHt64GDWNWGSqrphHRvWLEshQ+sQv8DfNpkXFaOQ49erl4gb2Wm0JM+A==",
			"cpu": [
				"arm64"
			],
			"dev": true,
			"libc": [
				"glibc"
			],
			"license": "MIT",
			"optional": true,
			"os": [
				"linux"
			]
		},
		"node_modules/@yuku-codegen/binding-linux-arm64-musl": {
			"version": "0.9.4",
			"resolved": "https://registry.npmjs.org/@yuku-codegen/binding-linux-arm64-musl/-/binding-linux-arm64-musl-0.9.4.tgz",
			"integrity": "sha512-bLdjCgo+u3dU3HH/t+WZ8FsAo2IgdOzruTHZ+XTFquj6j//QJjH9xfyRtu7h65lCT3CQVW9aGEe6/A/HPyA9KQ==",
			"cpu": [
				"arm64"
			],
			"dev": true,
			"libc": [
				"musl"
			],
			"license": "MIT",
			"optional": true,
			"os": [
				"linux"
			]
		},
		"node_modules/@yuku-codegen/binding-linux-x64-gnu": {
			"version": "0.9.4",
			"resolved": "https://registry.npmjs.org/@yuku-codegen/binding-linux-x64-gnu/-/binding-linux-x64-gnu-0.9.4.tgz",
			"integrity": "sha512-hDMB71QCDx2AAxhlCBgakngMAa4KK6f6rcTt9v8nrzoXs681cmZultGeZk0tjONxli+N+VMhXQUoiVCSJuKiQg==",
			"cpu": [
				"x64"
			],
			"dev": true,
			"libc": [
				"glibc"
			],
			"license": "MIT",
			"optional": true,
			"os": [
				"linux"
			]
		},
		"node_modules/@yuku-codegen/binding-linux-x64-musl": {
			"version": "0.9.4",
			"resolved": "https://registry.npmjs.org/@yuku-codegen/binding-linux-x64-musl/-/binding-linux-x64-musl-0.9.4.tgz",
			"integrity": "sha512-uk1hOZA79AqziAH9A/eSD05VchNRdnLb6zxFGHhCbLYeeGYL+KOEL0+kCIPtaKuQ7wdxDOooiKE1D0jpaWQ0aA==",
			"cpu": [
				"x64"
			],
			"dev": true,
			"libc": [
				"musl"
			],
			"license": "MIT",
			"optional": true,
			"os": [
				"linux"
			]
		},
		"node_modules/@yuku-codegen/binding-win32-arm64": {
			"version": "0.9.4",
			"resolved": "https://registry.npmjs.org/@yuku-codegen/binding-win32-arm64/-/binding-win32-arm64-0.9.4.tgz",
			"integrity": "sha512-IbZuNVrctjts5lAKUEd9ppnzvylaPdYBTv8AVDtY6EyQ5hpgUfsReqbqODJVGpn2/uIk1fa1jWP012orPoiK+A==",
			"cpu": [
				"arm64"
			],
			"dev": true,
			"license": "MIT",
			"optional": true,
			"os": [
				"win32"
			]
		},
		"node_modules/@yuku-codegen/binding-win32-x64": {
			"version": "0.9.4",
			"resolved": "https://registry.npmjs.org/@yuku-codegen/binding-win32-x64/-/binding-win32-x64-0.9.4.tgz",
			"integrity": "sha512-UqC4C0PlVAPEQ8fYr0AamuW2zKAkqQFiaaQ88Rl3YlzSNlshj+VmDoSbJRw4TFYL22+Vw53zDSJ95aXyjJN/aw==",
			"cpu": [
				"x64"
			],
			"dev": true,
			"license": "MIT",
			"optional": true,
			"os": [
				"win32"
			]
		},
		"node_modules/@yuku-parser/binding-android-arm64": {
			"version": "0.9.4",
			"resolved": "https://registry.npmjs.org/@yuku-parser/binding-android-arm64/-/binding-android-arm64-0.9.4.tgz",
			"integrity": "sha512-x+dZef5ulszaYzgjHLUgnhDXAgJsGfodl30JuTinfLN5mEyB50burpUuyUqufGQp0fpI/sHLAN3V8fuJteFEQQ==",
			"cpu": [
				"arm64"
			],
			"dev": true,
			"license": "MIT",
			"optional": true,
			"os": [
				"android"
			]
		},
		"node_modules/@yuku-parser/binding-darwin-arm64": {
			"version": "0.9.4",
			"resolved": "https://registry.npmjs.org/@yuku-parser/binding-darwin-arm64/-/binding-darwin-arm64-0.9.4.tgz",
			"integrity": "sha512-bSpjVPP8zTTcMZi78gxPkZZhVNbg4Doqsb2CrxHR2g+vZxP7Ey4GVzgD5nVYSHgS1y8dGULGW8AhPrfRWFEF6w==",
			"cpu": [
				"arm64"
			],
			"dev": true,
			"license": "MIT",
			"optional": true,
			"os": [
				"darwin"
			]
		},
		"node_modules/@yuku-parser/binding-darwin-x64": {
			"version": "0.9.4",
			"resolved": "https://registry.npmjs.org/@yuku-parser/binding-darwin-x64/-/binding-darwin-x64-0.9.4.tgz",
			"integrity": "sha512-QNswJLBxsoDkghztrF0bUy+DEUoeX1lS4cL3dCM1IB4hfLoZ3Jf3jmCoggDnqN++sJ91F6w8oHiyQ4ZhUEr/bg==",
			"cpu": [
				"x64"
			],
			"dev": true,
			"license": "MIT",
			"optional": true,
			"os": [
				"darwin"
			]
		},
		"node_modules/@yuku-parser/binding-freebsd-x64": {
			"version": "0.9.4",
			"resolved": "https://registry.npmjs.org/@yuku-parser/binding-freebsd-x64/-/binding-freebsd-x64-0.9.4.tgz",
			"integrity": "sha512-D4rmGI0EOwxmKsv3+iGQDmtJ9/Oqr9wPxsQpONZ+QmxHqNbl+08XaJkhuC5wAg17bj6afcpdQfiIAoSMBY17Rw==",
			"cpu": [
				"x64"
			],
			"dev": true,
			"license": "MIT",
			"optional": true,
			"os": [
				"freebsd"
			]
		},
		"node_modules/@yuku-parser/binding-linux-arm-gnu": {
			"version": "0.9.4",
			"resolved": "https://registry.npmjs.org/@yuku-parser/binding-linux-arm-gnu/-/binding-linux-arm-gnu-0.9.4.tgz",
			"integrity": "sha512-rZuqBxlaRnNY57nawRP1LPx4i+ieCrvIQkBsbGu/xjWkZGzFCrHPliy5YiMxp3Mw4v5KftAlDJx7c9jApNk2ww==",
			"cpu": [
				"arm"
			],
			"dev": true,
			"libc": [
				"glibc"
			],
			"license": "MIT",
			"optional": true,
			"os": [
				"linux"
			]
		},
		"node_modules/@yuku-parser/binding-linux-arm-musl": {
			"version": "0.9.4",
			"resolved": "https://registry.npmjs.org/@yuku-parser/binding-linux-arm-musl/-/binding-linux-arm-musl-0.9.4.tgz",
			"integrity": "sha512-0PRDvRZvh18Q1lADxs0RMtqYHTd3dD/o1WEnMO/K8o7V9Gmy/7nD3/HjGQCxFPxkHTp41toF+DsXgEandAc2Gw==",
			"cpu": [
				"arm"
			],
			"dev": true,
			"libc": [
				"musl"
			],
			"license": "MIT",
			"optional": true,
			"os": [
				"linux"
			]
		},
		"node_modules/@yuku-parser/binding-linux-arm64-gnu": {
			"version": "0.9.4",
			"resolved": "https://registry.npmjs.org/@yuku-parser/binding-linux-arm64-gnu/-/binding-linux-arm64-gnu-0.9.4.tgz",
			"integrity": "sha512-CT1I24KFA/Tv/Exi1f+CVxafUIjlKm3gc51HbWLW7yf7OvJKCvKSja+EB17sDtYsS5a2EB9BTr8I5fPuDJ8rFA==",
			"cpu": [
				"arm64"
			],
			"dev": true,
			"libc": [
				"glibc"
			],
			"license": "MIT",
			"optional": true,
			"os": [
				"linux"
			]
		},
		"node_modules/@yuku-parser/binding-linux-arm64-musl": {
			"version": "0.9.4",
			"resolved": "https://registry.npmjs.org/@yuku-parser/binding-linux-arm64-musl/-/binding-linux-arm64-musl-0.9.4.tgz",
			"integrity": "sha512-DP193Z3nUXQ92AwmmkIAhVLxv2qj8rWAAAODownCwUk0wKrmnyH9km9Gd4NSmntBYG/Kv0P5btN6qcO1JXgEdw==",
			"cpu": [
				"arm64"
			],
			"dev": true,
			"libc": [
				"musl"
			],
			"license": "MIT",
			"optional": true,
			"os": [
				"linux"
			]
		},
		"node_modules/@yuku-parser/binding-linux-x64-gnu": {
			"version": "0.9.4",
			"resolved": "https://registry.npmjs.org/@yuku-parser/binding-linux-x64-gnu/-/binding-linux-x64-gnu-0.9.4.tgz",
			"integrity": "sha512-tjoxmuNz+xmSt/Or+US5aaKpRZcptQsWYaPtDp1/0QUvhyg8VS6mOrizKkzVBJKYVNZ7eDTleOBquYVm+Haz6w==",
			"cpu": [
				"x64"
			],
			"dev": true,
			"libc": [
				"glibc"
			],
			"license": "MIT",
			"optional": true,
			"os": [
				"linux"
			]
		},
		"node_modules/@yuku-parser/binding-linux-x64-musl": {
			"version": "0.9.4",
			"resolved": "https://registry.npmjs.org/@yuku-parser/binding-linux-x64-musl/-/binding-linux-x64-musl-0.9.4.tgz",
			"integrity": "sha512-kHXf72EM6oHN58Swwruf9plXlCVY4mOlgqIjpXenEAY87cVcH3VxMZdCQG7rIKa+k0Hf3E/WS/8ufqZSCER7Gw==",
			"cpu": [
				"x64"
			],
			"dev": true,
			"libc": [
				"musl"
			],
			"license": "MIT",
			"optional": true,
			"os": [
				"linux"
			]
		},
		"node_modules/@yuku-parser/binding-win32-arm64": {
			"version": "0.9.4",
			"resolved": "https://registry.npmjs.org/@yuku-parser/binding-win32-arm64/-/binding-win32-arm64-0.9.4.tgz",
			"integrity": "sha512-Yj6+bbGDZrLbzp1Qr7hiaIjYagslUrRy6t3TIxfiXUeJWNH8ydx7birM0UJiIInqUld0mk9qBz1kei/T8gcKvw==",
			"cpu": [
				"arm64"
			],
			"dev": true,
			"license": "MIT",
			"optional": true,
			"os": [
				"win32"
			]
		},
		"node_modules/@yuku-parser/binding-win32-x64": {
			"version": "0.9.4",
			"resolved": "https://registry.npmjs.org/@yuku-parser/binding-win32-x64/-/binding-win32-x64-0.9.4.tgz",
			"integrity": "sha512-B9D+Z1/jVfoEd1SgbuaYTPH6onVlSsSaK151mW8Rb6Yv+OrTOocNnv2w3peBicS6MB3VI+mJG8YqxRI4ONd1OQ==",
			"cpu": [
				"x64"
			],
			"dev": true,
			"license": "MIT",
			"optional": true,
			"os": [
				"win32"
			]
		},
		"node_modules/@yuku-toolchain/types": {
			"version": "0.9.4",
			"resolved": "https://registry.npmjs.org/@yuku-toolchain/types/-/types-0.9.4.tgz",
			"integrity": "sha512-dqnMswJWE7YBbPEvGstgFlWFTRn20V/Hu82XTDjWxzaU18rGpxBqxhKlBlgyWrPARRvNLIqY2XA6S9edR+2AsA==",
			"dev": true,
			"license": "MIT"
		},
		"node_modules/bytes-iec": {
			"version": "3.1.1",
			"resolved": "https://registry.npmjs.org/bytes-iec/-/bytes-iec-3.1.1.tgz",
			"integrity": "sha512-fey6+4jDK7TFtFg/klGSvNKJctyU7n2aQdnM+CO0ruLPbqqMOM8Tio0Pc+deqUeVKX1tL5DQep1zQ7+37aTAsA==",
			"dev": true,
			"license": "MIT",
			"engines": {
				"node": ">= 0.8"
			}
		},
		"node_modules/cac": {
			"version": "7.0.0",
			"resolved": "https://registry.npmjs.org/cac/-/cac-7.0.0.tgz",
			"integrity": "sha512-tixWYgm5ZoOD+3g6UTea91eow5z6AAHaho3g0V9CNSNb45gM8SmflpAc+GRd1InC4AqN/07Unrgp56Y94N9hJQ==",
			"dev": true,
			"license": "MIT",
			"engines": {
				"node": ">=20.19.0"
			}
		},
		"node_modules/defu": {
			"version": "6.1.7",
			"resolved": "https://registry.npmjs.org/defu/-/defu-6.1.7.tgz",
			"integrity": "sha512-7z22QmUWiQ/2d0KkdYmANbRUVABpZ9SNYyH5vx6PZ+nE5bcC0l7uFvEfHlyld/HcGBFTL536ClDt3DEcSlEJAQ==",
			"dev": true,
			"license": "MIT"
		},
		"node_modules/dts-resolver": {
			"version": "3.0.0",
			"resolved": "https://registry.npmjs.org/dts-resolver/-/dts-resolver-3.0.0.tgz",
			"integrity": "sha512-1T1f+z+4tl9XD+m+0HBgWoL/nm0bOIffyWaUuUSBlFg/86IWvfx+wjNaO/ybU0AJzG9/Mi5hBUgGV6zCmWEN7Q==",
			"dev": true,
			"license": "MIT",
			"engines": {
				"node": "^22.18.0 || >=24.0.0"
			},
			"funding": {
				"url": "https://github.com/sponsors/sxzz"
			},
			"peerDependencies": {
				"oxc-resolver": ">=11.0.0"
			},
			"peerDependenciesMeta": {
				"oxc-resolver": {
					"optional": true
				}
			}
		},
		"node_modules/empathic": {
			"version": "2.0.1",
			"resolved": "https://registry.npmjs.org/empathic/-/empathic-2.0.1.tgz",
			"integrity": "sha512-YGRs8knHhKHVShLkFET/rWAU8kmHbOV5LwN938RHI0pljAJ1Gf6SzXsSmRaEzcXTtOOmVqJ5+WtQPL5uigY50Q==",
			"dev": true,
			"license": "MIT",
			"engines": {
				"node": ">=14"
			}
		},
		"node_modules/fdir": {
			"version": "6.5.0",
			"resolved": "https://registry.npmjs.org/fdir/-/fdir-6.5.0.tgz",
			"integrity": "sha512-tIbYtZbucOs0BRGqPJkshJUYdL+SDH7dVM8gjy+ERp3WAUjLEFJE+02kanyHtwjWOnwrKYBiwAmM0p4kLJAnXg==",
			"dev": true,
			"license": "MIT",
			"engines": {
				"node": ">=12.0.0"
			},
			"peerDependencies": {
				"picomatch": "^3 || ^4"
			},
			"peerDependenciesMeta": {
				"picomatch": {
					"optional": true
				}
			}
		},
		"node_modules/get-tsconfig": {
			"version": "5.0.0-beta.6",
			"resolved": "https://registry.npmjs.org/get-tsconfig/-/get-tsconfig-5.0.0-beta.6.tgz",
			"integrity": "sha512-X6fBC0pmImC70gvX2zm56go9hx0MyoGVdG0tUCkg/D+Xnh5TJsOZ7iDbOdI3PvmtrDxnu1YdDufpK2QJX1Meqw==",
			"dev": true,
			"license": "MIT",
			"dependencies": {
				"resolve-pkg-maps": "^1.0.0"
			},
			"engines": {
				"node": ">=20.20.0"
			},
			"funding": {
				"url": "https://github.com/privatenumber/get-tsconfig?sponsor=1"
			}
		},
		"node_modules/hookable": {
			"version": "6.1.1",
			"resolved": "https://registry.npmjs.org/hookable/-/hookable-6.1.1.tgz",
			"integrity": "sha512-U9LYDy1CwhMCnprUfeAZWZGByVbhd54hwepegYTK7Pi5NvqEj63ifz5z+xukznehT7i6NIZRu89Ay1AZmRsLEQ==",
			"dev": true,
			"license": "MIT"
		},
		"node_modules/import-without-cache": {
			"version": "0.4.0",
			"resolved": "https://registry.npmjs.org/import-without-cache/-/import-without-cache-0.4.0.tgz",
			"integrity": "sha512-NkJQA7oZ4YHQhd2+H3BoRFKF3d/XNsiKpHZCQEMH9pDX27hQQLsTyOocyRgaIVtf8gHX3Nt3LPkR4e5EdtPAGQ==",
			"dev": true,
			"license": "MIT",
			"engines": {
				"node": "^22.18.0 || >=24.0.0"
			},
			"funding": {
				"url": "https://github.com/sponsors/sxzz"
			}
		},
		"node_modules/lilconfig": {
			"version": "3.1.3",
			"resolved": "https://registry.npmjs.org/lilconfig/-/lilconfig-3.1.3.tgz",
			"integrity": "sha512-/vlFKAoH5Cgt3Ie+JLhRbwOsCQePABiU3tJ1egGvyQ+33R/vcwM2Zl2QR/LzjsBeItPt3oSVXapn+m4nQDvpzw==",
			"dev": true,
			"license": "MIT",
			"engines": {
				"node": ">=14"
			},
			"funding": {
				"url": "https://github.com/sponsors/antonk52"
			}
		},
		"node_modules/nanospinner": {
			"version": "1.2.2",
			"resolved": "https://registry.npmjs.org/nanospinner/-/nanospinner-1.2.2.tgz",
			"integrity": "sha512-Zt/AmG6qRU3e+WnzGGLuMCEAO/dAu45stNbHY223tUxldaDAeE+FxSPsd9Q+j+paejmm0ZbrNVs5Sraqy3dRxA==",
			"dev": true,
			"license": "MIT",
			"dependencies": {
				"picocolors": "^1.1.1"
			}
		},
		"node_modules/obug": {
			"version": "2.1.4",
			"resolved": "https://registry.npmjs.org/obug/-/obug-2.1.4.tgz",
			"integrity": "sha512-4a+OsYv9UktOJKE+l1A4OufDgdRF9PifWj+tJnHURo/P+WOxpG4GzUFL9qCalmWauao6ogiG+QvnCovwPoyAWA==",
			"dev": true,
			"funding": [
				"https://github.com/sponsors/sxzz",
				"https://opencollective.com/debug"
			],
			"license": "MIT",
			"engines": {
				"node": ">=12.20.0"
			}
		},
		"node_modules/picocolors": {
			"version": "1.1.1",
			"resolved": "https://registry.npmjs.org/picocolors/-/picocolors-1.1.1.tgz",
			"integrity": "sha512-xceH2snhtb5M9liqDsmEw56le376mTZkEX/jEb/RxNFyegNul7eNslCXP9FDj/Lcu0X8KEyMceP2ntpaHrDEVA==",
			"dev": true,
			"license": "ISC"
		},
		"node_modules/picomatch": {
			"version": "4.0.7",
			"resolved": "https://registry.npmjs.org/picomatch/-/picomatch-4.0.7.tgz",
			"integrity": "sha512-qcJu88Q2IWqJsDD529JKMdwGm/dvInW4HvQnRwiH9JtihJvzGOscDtHE3x1pBKeUOTysQ8kVmLnJ2kJu7yhcGA==",
			"dev": true,
			"license": "MIT",
			"engines": {
				"node": ">=12"
			},
			"funding": {
				"url": "https://github.com/sponsors/jonschlinkert"
			}
		},
		"node_modules/quansync": {
			"version": "1.0.0",
			"resolved": "https://registry.npmjs.org/quansync/-/quansync-1.0.0.tgz",
			"integrity": "sha512-5xZacEEufv3HSTPQuchrvV6soaiACMFnq1H8wkVioctoH3TRha9Sz66lOxRwPK/qZj7HPiSveih9yAyh98gvqA==",
			"dev": true,
			"funding": [
				{
					"type": "individual",
					"url": "https://github.com/sponsors/antfu"
				},
				{
					"type": "individual",
					"url": "https://github.com/sponsors/sxzz"
				}
			],
			"license": "MIT"
		},
		"node_modules/resolve-pkg-maps": {
			"version": "1.0.0",
			"resolved": "https://registry.npmjs.org/resolve-pkg-maps/-/resolve-pkg-maps-1.0.0.tgz",
			"integrity": "sha512-seS2Tj26TBVOC2NIc2rOe2y2ZO7efxITtLZcGSOnHHNOQ7CkiUBfw0Iw2ck6xkIhPwLhKNLS8BO+hEpngQlqzw==",
			"dev": true,
			"license": "MIT",
			"funding": {
				"url": "https://github.com/privatenumber/resolve-pkg-maps?sponsor=1"
			}
		},
		"node_modules/rolldown": {
			"version": "1.2.7",
			"resolved": "https://registry.npmjs.org/rolldown/-/rolldown-1.2.7.tgz",
			"integrity": "sha512-g0EtLvBjTUB7jhyV0S/TCup3v/XSVl45vUIGbOGU4QPiyjTenCe4mKuFvW9fEgYmS2Fo42AUssRmNuMziXdrig==",
			"dev": true,
			"license": "MIT",
			"dependencies": {
				"@oxc-project/types": "=0.148.0",
				"@rolldown/pluginutils": "^1.0.0"
			},
			"bin": {
				"rolldown": "bin/cli.mjs"
			},
			"engines": {
				"node": "^20.19.0 || >=22.12.0"
			},
			"optionalDependencies": {
				"@rolldown/binding-android-arm-eabi": "1.2.7",
				"@rolldown/binding-android-arm64": "1.2.7",
				"@rolldown/binding-darwin-arm64": "1.2.7",
				"@rolldown/binding-darwin-x64": "1.2.7",
				"@rolldown/binding-freebsd-x64": "1.2.7",
				"@rolldown/binding-linux-arm-gnueabihf": "1.2.7",
				"@rolldown/binding-linux-arm64-gnu": "1.2.7",
				"@rolldown/binding-linux-arm64-musl": "1.2.7",
				"@rolldown/binding-linux-ppc64-gnu": "1.2.7",
				"@rolldown/binding-linux-s390x-gnu": "1.2.7",
				"@rolldown/binding-linux-x64-gnu": "1.2.7",
				"@rolldown/binding-linux-x64-musl": "1.2.7",
				"@rolldown/binding-openharmony-arm64": "1.2.7",
				"@rolldown/binding-win32-arm64-msvc": "1.2.7",
				"@rolldown/binding-win32-x64-msvc": "1.2.7"
			}
		},
		"node_modules/rolldown-plugin-dts": {
			"version": "0.28.5",
			"resolved": "https://registry.npmjs.org/rolldown-plugin-dts/-/rolldown-plugin-dts-0.28.5.tgz",
			"integrity": "sha512-yYd3C9CeJwqjOc9X23m0Tyxcqic491uLZlfg51szT287S8zCCqLR2uoySoElgqy2CLn7PdXcEo1dlkBs4n1WHg==",
			"dev": true,
			"license": "MIT",
			"dependencies": {
				"dts-resolver": "^3.0.0",
				"get-tsconfig": "5.0.0-beta.6",
				"obug": "^2.1.4",
				"yuku-ast": "^0.9.3",
				"yuku-codegen": "^0.9.3",
				"yuku-parser": "^0.9.3"
			},
			"engines": {
				"node": "^22.18.0 || ^24.11.0 || >=26.0.0"
			},
			"funding": {
				"url": "https://github.com/sponsors/sxzz"
			},
			"peerDependencies": {
				"@typescript/native-preview": "*",
				"@volar/typescript": "~2.4.0",
				"rolldown": "^1.2.0",
				"typescript": "^5.0.0 || ^6.0.0 || ~7.0.0",
				"vue-tsc": "~3.2.0 || ~3.3.0"
			},
			"peerDependenciesMeta": {
				"@typescript/native-preview": {
					"optional": true
				},
				"@volar/typescript": {
					"optional": true
				},
				"typescript": {
					"optional": true
				},
				"vue-tsc": {
					"optional": true
				}
			}
		},
		"node_modules/size-limit": {
			"version": "13.0.3",
			"resolved": "https://registry.npmjs.org/size-limit/-/size-limit-13.0.3.tgz",
			"integrity": "sha512-KVb2aNEU49BwTR21SVjD+2QHP9gBV/nWsTHzNB/heRwXtHyA7lLQiDZDQ1TiNh/B/TZXKAZrHYyTt+cvBUrzYw==",
			"dev": true,
			"license": "MIT",
			"dependencies": {
				"bytes-iec": "^3.1.1",
				"lilconfig": "^3.1.3",
				"nanospinner": "^1.2.2"
			},
			"bin": {
				"size-limit": "bin.js"
			},
			"engines": {
				"node": "^22.18.0 || ^24.0.0 || >=26.0.0"
			}
		},
		"node_modules/tinyexec": {
			"version": "1.3.1",
			"resolved": "https://registry.npmjs.org/tinyexec/-/tinyexec-1.3.1.tgz",
			"integrity": "sha512-GCvB3aoys96IuDFBMcTB46JOR6mdMtAToqwiW8JlWhsoh1mhHi/xn9ss/Dg7N555GiJyEt2qzoG/NHCwM6h1EA==",
			"dev": true,
			"license": "MIT",
			"engines": {
				"node": ">=18"
			}
		},
		"node_modules/tinyglobby": {
			"version": "0.2.17",
			"resolved": "https://registry.npmjs.org/tinyglobby/-/tinyglobby-0.2.17.tgz",
			"integrity": "sha512-wXR/dYpcqKmfWpEdZjiKJOwCNFndD0DMnrW/cYjVGttEkBfVgcLFHoNrlj47mjOVic9yyNu65alsgF4NQyTa2g==",
			"dev": true,
			"license": "MIT",
			"dependencies": {
				"fdir": "^6.5.0",
				"picomatch": "^4.0.4"
			},
			"engines": {
				"node": ">=12.0.0"
			},
			"funding": {
				"url": "https://github.com/sponsors/SuperchupuDev"
			}
		},
		"node_modules/tree-kill": {
			"version": "1.2.2",
			"resolved": "https://registry.npmjs.org/tree-kill/-/tree-kill-1.2.2.tgz",
			"integrity": "sha512-L0Orpi8qGpRG//Nd+H90vFB+3iHnue1zSSGmNOOCh1GLJ7rUKVwV2HvijphGQS2UmhUZewS9VgvxYIdgr+fG1A==",
			"dev": true,
			"license": "MIT",
			"bin": {
				"tree-kill": "cli.js"
			}
		},
		"node_modules/tsdown": {
			"version": "0.23.0",
			"resolved": "https://registry.npmjs.org/tsdown/-/tsdown-0.23.0.tgz",
			"integrity": "sha512-BaT+ep1xnj5hdyICLd5r5SYYE+TXnI1ATePLykv9vcKpHpFTWUWRH+x1AF/E2qcu3YB6+vI8IdyxIIIffEqw5Q==",
			"dev": true,
			"license": "MIT",
			"dependencies": {
				"cac": "^7.0.0",
				"defu": "^6.1.7",
				"empathic": "^2.0.1",
				"hookable": "^6.1.1",
				"import-without-cache": "^0.4.0",
				"obug": "^2.1.4",
				"picomatch": "^4.0.7",
				"rolldown": "~1.2.7",
				"rolldown-plugin-dts": "^0.28.5",
				"tinyexec": "^1.3.1",
				"tinyglobby": "^0.2.17",
				"tree-kill": "^1.2.2",
				"unconfig-core": "^7.5.0",
				"verkit": "^0.4.0"
			},
			"bin": {
				"tsdown": "dist/run.mjs"
			},
			"engines": {
				"node": "^22.18.0 || ^24.11.0 || >=26.0.0"
			},
			"funding": {
				"url": "https://github.com/sponsors/sxzz"
			},
			"peerDependencies": {
				"@arethetypeswrong/core": "^0.18.1",
				"@tsdown/css": "0.23.0",
				"@tsdown/exe": "0.23.0",
				"@vitejs/devtools": "*",
				"publint": "^0.3.8",
				"tsx": "*",
				"typescript": "^5.0.0 || ^6.0.0 || ^7.0.0",
				"unplugin-unused": ">=0.5.0",
				"unrun": "*"
			},
			"peerDependenciesMeta": {
				"@arethetypeswrong/core": {
					"optional": true
				},
				"@tsdown/css": {
					"optional": true
				},
				"@tsdown/exe": {
					"optional": true
				},
				"@vitejs/devtools": {
					"optional": true
				},
				"publint": {
					"optional": true
				},
				"tsx": {
					"optional": true
				},
				"typescript": {
					"optional": true
				},
				"unplugin-unused": {
					"optional": true
				},
				"unrun": {
					"optional": true
				}
			}
		},
		"node_modules/unconfig-core": {
			"version": "7.5.0",
			"resolved": "https://registry.npmjs.org/unconfig-core/-/unconfig-core-7.5.0.tgz",
			"integrity": "sha512-Su3FauozOGP44ZmKdHy2oE6LPjk51M/TRRjHv2HNCWiDvfvCoxC2lno6jevMA91MYAdCdwP05QnWdWpSbncX/w==",
			"dev": true,
			"license": "MIT",
			"dependencies": {
				"@quansync/fs": "^1.0.0",
				"quansync": "^1.0.0"
			},
			"funding": {
				"url": "https://github.com/sponsors/antfu"
			}
		},
		"node_modules/verkit": {
			"version": "0.4.0",
			"resolved": "https://registry.npmjs.org/verkit/-/verkit-0.4.0.tgz",
			"integrity": "sha512-sXMwN6DMHeouPfCxkxWkKAmxphWKEenHYY5H1nIBzU3PmDsmJp6kBXJdshjVdpMZuWCmL9SH7KFRx29AylpP6g==",
			"dev": true,
			"license": "MIT",
			"engines": {
				"node": ">=18.12.0"
			},
			"funding": {
				"url": "https://github.com/sponsors/sxzz"
			}
		},
		"node_modules/yuku-ast": {
			"version": "0.9.4",
			"resolved": "https://registry.npmjs.org/yuku-ast/-/yuku-ast-0.9.4.tgz",
			"integrity": "sha512-AeeHDopMAy2mMafUMEIZxmQaCJOPEvBGDSSA23y5iKuzak3H2otfmgo4ObJubuzdHlJrv4eFY3KQ5XZOru5gpw==",
			"dev": true,
			"license": "MIT",
			"dependencies": {
				"@yuku-toolchain/types": "^0.9.4"
			}
		},
		"node_modules/yuku-codegen": {
			"version": "0.9.4",
			"resolved": "https://registry.npmjs.org/yuku-codegen/-/yuku-codegen-0.9.4.tgz",
			"integrity": "sha512-pPr8xA8wBjrebER5VFeqS1XqATED1dQXU7JoAectAi1RBG4YFJz5yBirnmmmHZHldgnMKs/pMGkDtwGVQX+Efg==",
			"dev": true,
			"license": "MIT",
			"dependencies": {
				"@yuku-toolchain/types": "^0.9.4"
			},
			"optionalDependencies": {
				"@yuku-codegen/binding-android-arm64": "0.9.4",
				"@yuku-codegen/binding-darwin-arm64": "0.9.4",
				"@yuku-codegen/binding-darwin-x64": "0.9.4",
				"@yuku-codegen/binding-freebsd-x64": "0.9.4",
				"@yuku-codegen/binding-linux-arm-gnu": "0.9.4",
				"@yuku-codegen/binding-linux-arm-musl": "0.9.4",
				"@yuku-codegen/binding-linux-arm64-gnu": "0.9.4",
				"@yuku-codegen/binding-linux-arm64-musl": "0.9.4",
				"@yuku-codegen/binding-linux-x64-gnu": "0.9.4",
				"@yuku-codegen/binding-linux-x64-musl": "0.9.4",
				"@yuku-codegen/binding-win32-arm64": "0.9.4",
				"@yuku-codegen/binding-win32-x64": "0.9.4"
			}
		},
		"node_modules/yuku-parser": {
			"version": "0.9.4",
			"resolved": "https://registry.npmjs.org/yuku-parser/-/yuku-parser-0.9.4.tgz",
			"integrity": "sha512-VWnoJzdB2g1JjsMEcB2MxSLoDbgISgOiNRsgiR0qrQKiUw2yyzEfYEYkNHSMNhdGkSo7gtmcN+2UOczzGDLAuw==",
			"dev": true,
			"license": "MIT",
			"dependencies": {
				"@yuku-toolchain/types": "^0.9.4",
				"yuku-ast": "^0.9.4"
			},
			"optionalDependencies": {
				"@yuku-parser/binding-android-arm64": "0.9.4",
				"@yuku-parser/binding-darwin-arm64": "0.9.4",
				"@yuku-parser/binding-darwin-x64": "0.9.4",
				"@yuku-parser/binding-freebsd-x64": "0.9.4",
				"@yuku-parser/binding-linux-arm-gnu": "0.9.4",
				"@yuku-parser/binding-linux-arm-musl": "0.9.4",
				"@yuku-parser/binding-linux-arm64-gnu": "0.9.4",
				"@yuku-parser/binding-linux-arm64-musl": "0.9.4",
				"@yuku-parser/binding-linux-x64-gnu": "0.9.4",
				"@yuku-parser/binding-linux-x64-musl": "0.9.4",
				"@yuku-parser/binding-win32-arm64": "0.9.4",
				"@yuku-parser/binding-win32-x64": "0.9.4"
			}
		}
	}
}
